{
  "version": 4,
  "terraform_version": "1.9.5",
  "serial": 184,
  "lineage": "1721ea36-fbed-d265-a480-b206c77d8745",
  "outputs": {
    "gke_cluster_endpoint": {
      "value": "10.13.0.2",
      "type": "string"
    },
    "gke_cluster_master_version": {
      "value": "1.29.7-gke.1104000",
      "type": "string"
    },
    "gke_cluster_name": {
      "value": "my-gke-cluster-lab",
      "type": "string"
    }
  },
  "resources": [
    {
      "mode": "data",
      "type": "google_compute_network",
      "name": "default",
      "provider": "provider[\"registry.terraform.io/hashicorp/google\"]",
      "instances": [
        {
          "schema_version": 0,
          "attributes": {
            "description": "Default network for the project",
            "gateway_ipv4": "",
            "id": "projects/expertis-classroom/global/networks/default",
            "internal_ipv6_range": "",
            "name": "default",
            "project": null,
            "self_link": "https://www.googleapis.com/compute/v1/projects/expertis-classroom/global/networks/default",
            "subnetworks_self_links": [
              "https://www.googleapis.com/compute/v1/projects/expertis-classroom/regions/asia-south1/subnetworks/default",
              "https://www.googleapis.com/compute/v1/projects/expertis-classroom/regions/northamerica-northeast1/subnetworks/default",
              "https://www.googleapis.com/compute/v1/projects/expertis-classroom/regions/me-west1/subnetworks/default",
              "https://www.googleapis.com/compute/v1/projects/expertis-classroom/regions/us-central1/subnetworks/gke-my-gke-cluster-lab-a40db388-pe-subnet",
              "https://www.googleapis.com/compute/v1/projects/expertis-classroom/regions/europe-west10/subnetworks/default",
              "https://www.googleapis.com/compute/v1/projects/expertis-classroom/regions/us-central1/subnetworks/lab-subnet",
              "https://www.googleapis.com/compute/v1/projects/expertis-classroom/regions/europe-west4/subnetworks/default",
              "https://www.googleapis.com/compute/v1/projects/expertis-classroom/regions/asia-northeast3/subnetworks/default",
              "https://www.googleapis.com/compute/v1/projects/expertis-classroom/regions/northamerica-northeast2/subnetworks/default",
              "https://www.googleapis.com/compute/v1/projects/expertis-classroom/regions/africa-south1/subnetworks/default",
              "https://www.googleapis.com/compute/v1/projects/expertis-classroom/regions/europe-west8/subnetworks/default",
              "https://www.googleapis.com/compute/v1/projects/expertis-classroom/regions/us-east7/subnetworks/default",
              "https://www.googleapis.com/compute/v1/projects/expertis-classroom/regions/asia-south2/subnetworks/default",
              "https://www.googleapis.com/compute/v1/projects/expertis-classroom/regions/europe-west9/subnetworks/default",
              "https://www.googleapis.com/compute/v1/projects/expertis-classroom/regions/asia-east2/subnetworks/default",
              "https://www.googleapis.com/compute/v1/projects/expertis-classroom/regions/europe-southwest1/subnetworks/default",
              "https://www.googleapis.com/compute/v1/projects/expertis-classroom/regions/southamerica-west1/subnetworks/default",
              "https://www.googleapis.com/compute/v1/projects/expertis-classroom/regions/europe-west2/subnetworks/default",
              "https://www.googleapis.com/compute/v1/projects/expertis-classroom/regions/us-east4/subnetworks/default",
              "https://www.googleapis.com/compute/v1/projects/expertis-classroom/regions/europe-west6/subnetworks/default",
              "https://www.googleapis.com/compute/v1/projects/expertis-classroom/regions/us-central1/subnetworks/default",
              "https://www.googleapis.com/compute/v1/projects/expertis-classroom/regions/europe-west3/subnetworks/default",
              "https://www.googleapis.com/compute/v1/projects/expertis-classroom/regions/us-east5/subnetworks/default",
              "https://www.googleapis.com/compute/v1/projects/expertis-classroom/regions/us-west3/subnetworks/default",
              "https://www.googleapis.com/compute/v1/projects/expertis-classroom/regions/us-east1/subnetworks/default",
              "https://www.googleapis.com/compute/v1/projects/expertis-classroom/regions/us-south1/subnetworks/default",
              "https://www.googleapis.com/compute/v1/projects/expertis-classroom/regions/us-west8/subnetworks/default",
              "https://www.googleapis.com/compute/v1/projects/expertis-classroom/regions/us-west2/subnetworks/default",
              "https://www.googleapis.com/compute/v1/projects/expertis-classroom/regions/southamerica-east1/subnetworks/default",
              "https://www.googleapis.com/compute/v1/projects/expertis-classroom/regions/europe-central2/subnetworks/default",
              "https://www.googleapis.com/compute/v1/projects/expertis-classroom/regions/asia-northeast2/subnetworks/default",
              "https://www.googleapis.com/compute/v1/projects/expertis-classroom/regions/asia-east1/subnetworks/default",
              "https://www.googleapis.com/compute/v1/projects/expertis-classroom/regions/me-central1/subnetworks/default",
              "https://www.googleapis.com/compute/v1/projects/expertis-classroom/regions/us-west1/subnetworks/default",
              "https://www.googleapis.com/compute/v1/projects/expertis-classroom/regions/northamerica-south1/subnetworks/default",
              "https://www.googleapis.com/compute/v1/projects/expertis-classroom/regions/asia-northeast1/subnetworks/default",
              "https://www.googleapis.com/compute/v1/projects/expertis-classroom/regions/australia-southeast1/subnetworks/default",
              "https://www.googleapis.com/compute/v1/projects/expertis-classroom/regions/australia-southeast2/subnetworks/default",
              "https://www.googleapis.com/compute/v1/projects/expertis-classroom/regions/europe-west1/subnetworks/default",
              "https://www.googleapis.com/compute/v1/projects/expertis-classroom/regions/asia-southeast2/subnetworks/default",
              "https://www.googleapis.com/compute/v1/projects/expertis-classroom/regions/europe-north1/subnetworks/default",
              "https://www.googleapis.com/compute/v1/projects/expertis-classroom/regions/us-west4/subnetworks/default",
              "https://www.googleapis.com/compute/v1/projects/expertis-classroom/regions/europe-west12/subnetworks/default",
              "https://www.googleapis.com/compute/v1/projects/expertis-classroom/regions/asia-southeast1/subnetworks/default"
            ]
          },
          "sensitive_attributes": []
        }
      ]
    },
    {
      "mode": "data",
      "type": "google_compute_subnetwork",
      "name": "default",
      "provider": "provider[\"registry.terraform.io/hashicorp/google\"]",
      "instances": [
        {
          "schema_version": 0,
          "attributes": {
            "description": "",
            "gateway_address": "10.128.0.1",
            "id": "projects/expertis-classroom/regions/us-central1/subnetworks/default",
            "internal_ipv6_prefix": "",
            "ip_cidr_range": "10.128.0.0/20",
            "name": "default",
            "network": "https://www.googleapis.com/compute/v1/projects/expertis-classroom/global/networks/default",
            "private_ip_google_access": true,
            "project": "expertis-classroom",
            "region": "us-central1",
            "secondary_ip_range": [],
            "self_link": "https://www.googleapis.com/compute/v1/projects/expertis-classroom/regions/us-central1/subnetworks/default"
          },
          "sensitive_attributes": []
        }
      ]
    },
    {
      "mode": "data",
      "type": "google_compute_subnetwork",
      "name": "east_default",
      "provider": "provider[\"registry.terraform.io/hashicorp/google\"]",
      "instances": [
        {
          "schema_version": 0,
          "attributes": {
            "description": "",
            "gateway_address": "10.142.0.1",
            "id": "projects/expertis-classroom/regions/us-east1/subnetworks/default",
            "internal_ipv6_prefix": "",
            "ip_cidr_range": "10.142.0.0/20",
            "name": "default",
            "network": "https://www.googleapis.com/compute/v1/projects/expertis-classroom/global/networks/default",
            "private_ip_google_access": false,
            "project": "expertis-classroom",
            "region": "us-east1",
            "secondary_ip_range": [],
            "self_link": "https://www.googleapis.com/compute/v1/projects/expertis-classroom/regions/us-east1/subnetworks/default"
          },
          "sensitive_attributes": []
        }
      ]
    },
    {
      "mode": "managed",
      "type": "google_compute_subnetwork",
      "name": "subnetwork",
      "provider": "provider[\"registry.terraform.io/hashicorp/google\"]",
      "instances": [
        {
          "schema_version": 0,
          "attributes": {
            "creation_timestamp": "2024-09-05T00:13:44.414-07:00",
            "description": "",
            "external_ipv6_prefix": "",
            "fingerprint": null,
            "gateway_address": "10.0.0.1",
            "id": "projects/expertis-classroom/regions/us-central1/subnetworks/lab-subnet",
            "internal_ipv6_prefix": "",
            "ip_cidr_range": "10.0.0.0/24",
            "ipv6_access_type": "",
            "ipv6_cidr_range": "",
            "log_config": [],
            "name": "lab-subnet",
            "network": "https://www.googleapis.com/compute/v1/projects/expertis-classroom/global/networks/default",
            "private_ip_google_access": true,
            "private_ipv6_google_access": "DISABLE_GOOGLE_ACCESS",
            "project": "expertis-classroom",
            "purpose": "PRIVATE",
            "region": "us-central1",
            "reserved_internal_range": "",
            "role": "",
            "secondary_ip_range": [
              {
                "ip_cidr_range": "10.11.0.0/21",
                "range_name": "pods-subnet",
                "reserved_internal_range": ""
              },
              {
                "ip_cidr_range": "10.12.0.0/21",
                "range_name": "services-subnet",
                "reserved_internal_range": ""
              }
            ],
            "self_link": "https://www.googleapis.com/compute/v1/projects/expertis-classroom/regions/us-central1/subnetworks/lab-subnet",
            "send_secondary_ip_range_if_empty": null,
            "stack_type": "IPV4_ONLY",
            "timeouts": null
          },
          "sensitive_attributes": [],
          "private": "eyJlMmJmYjczMC1lY2FhLTExZTYtOGY4OC0zNDM2M2JjN2M0YzAiOnsiY3JlYXRlIjoxMjAwMDAwMDAwMDAwLCJkZWxldGUiOjEyMDAwMDAwMDAwMDAsInVwZGF0ZSI6MTIwMDAwMDAwMDAwMH19",
          "dependencies": [
            "data.google_compute_network.default"
          ]
        }
      ]
    },
    {
      "mode": "managed",
      "type": "google_container_cluster",
      "name": "primary",
      "provider": "provider[\"registry.terraform.io/hashicorp/google\"]",
      "instances": [
        {
          "schema_version": 2,
          "attributes": {
            "addons_config": [
              {
                "cloudrun_config": [],
                "config_connector_config": [],
                "dns_cache_config": [],
                "gce_persistent_disk_csi_driver_config": [
                  {
                    "enabled": true
                  }
                ],
                "gcp_filestore_csi_driver_config": [],
                "gcs_fuse_csi_driver_config": [],
                "gke_backup_agent_config": [],
                "horizontal_pod_autoscaling": [
                  {
                    "disabled": false
                  }
                ],
                "http_load_balancing": [
                  {
                    "disabled": false
                  }
                ],
                "network_policy_config": [
                  {
                    "disabled": true
                  }
                ],
                "ray_operator_config": [],
                "stateful_ha_config": []
              }
            ],
            "allow_net_admin": null,
            "authenticator_groups_config": [],
            "binary_authorization": [
              {
                "enabled": false,
                "evaluation_mode": ""
              }
            ],
            "cluster_autoscaling": [
              {
                "auto_provisioning_defaults": [],
                "auto_provisioning_locations": [],
                "autoscaling_profile": "BALANCED",
                "enabled": false,
                "resource_limits": []
              }
            ],
            "cluster_ipv4_cidr": "10.11.0.0/21",
            "confidential_nodes": [],
            "cost_management_config": [],
            "database_encryption": [
              {
                "key_name": "",
                "state": "DECRYPTED"
              }
            ],
            "datapath_provider": "",
            "default_max_pods_per_node": 50,
            "default_snat_status": [
              {
                "disabled": false
              }
            ],
            "deletion_protection": false,
            "description": "",
            "dns_config": [],
            "effective_labels": {
              "goog-terraform-provisioned": "true"
            },
            "enable_autopilot": false,
            "enable_cilium_clusterwide_network_policy": false,
            "enable_intranode_visibility": false,
            "enable_k8s_beta_apis": [],
            "enable_kubernetes_alpha": false,
            "enable_l4_ilb_subsetting": false,
            "enable_legacy_abac": false,
            "enable_multi_networking": false,
            "enable_shielded_nodes": true,
            "enable_tpu": false,
            "endpoint": "10.13.0.2",
            "fleet": [],
            "gateway_api_config": [],
            "id": "projects/expertis-classroom/locations/us-central1-a/clusters/my-gke-cluster-lab",
            "identity_service_config": [],
            "initial_node_count": 1,
            "ip_allocation_policy": [
              {
                "additional_pod_ranges_config": [],
                "cluster_ipv4_cidr_block": "10.11.0.0/21",
                "cluster_secondary_range_name": "pods-subnet",
                "pod_cidr_overprovision_config": [
                  {
                    "disabled": false
                  }
                ],
                "services_ipv4_cidr_block": "10.12.0.0/21",
                "services_secondary_range_name": "services-subnet",
                "stack_type": "IPV4"
              }
            ],
            "label_fingerprint": "78cdf2f6",
            "location": "us-central1-a",
            "logging_config": [
              {
                "enable_components": [
                  "SYSTEM_COMPONENTS",
                  "WORKLOADS"
                ]
              }
            ],
            "logging_service": "logging.googleapis.com/kubernetes",
            "maintenance_policy": [],
            "master_auth": [
              {
                "client_certificate": "",
                "client_certificate_config": [
                  {
                    "issue_client_certificate": false
                  }
                ],
                "client_key": "",
                "cluster_ca_certificate": "LS0tLS1CRUdJTiBDRVJUSUZJQ0FURS0tLS0tCk1JSUVMRENDQXBTZ0F3SUJBZ0lRSitPUCtDbk9xdVpxcHVxSmN3UHJxekFOQmdrcWhraUc5dzBCQVFzRkFEQXYKTVMwd0t3WURWUVFERXlReVl6Z3hNemhpTWkwNFptTXlMVFJoWldZdFltTTROUzA0TWpoaE1qVmpNVEl5WldFdwpJQmNOTWpRd09UQTFNRFl4TkRBNVdoZ1BNakExTkRBNE1qa3dOekUwTURsYU1DOHhMVEFyQmdOVkJBTVRKREpqCk9ERXpPR0l5TFRobVl6SXROR0ZsWmkxaVl6ZzFMVGd5T0dFeU5XTXhNakpsWVRDQ0FhSXdEUVlKS29aSWh2Y04KQVFFQkJRQURnZ0dQQURDQ0FZb0NnZ0dCQU1iTnhJWWE2RUM1d2p3QjNCMkpCS3JJeGFrVVdKL3Bzd0lWOTdXawpZUTBRV2xidmhlTGVUaWd5T21oU2pYWUcyeGtZVmdBKyt5NjVtcGlDbDIzTi9mMFcyOUFKb3RaWDVPaEgxczdoCldCNThWWE5iQS82cGJHeFJaYXhISVVGZzRVN3MwRkkyb3c2NHVGcVVZNWpIaFVGQVVpUXB3UW9UOUVVeWRHYisKZXF1bk9GV3RBSVIwdjQzN3J4dVZiRzYyT21yZEtFTDJROTJEV0ZDMGdRR2svdmtvV2NrWTdyQ0lnRk0rbW9kbgpEeGhRQVg2SVkwYVo3aUw3VDNIa3JHenRpQzlwNFM4Y0ZDRlNxK2pMZmhqQkVhcUNvcXJEQ0ZjdmZDV1FrTlNNClNTYm5WVlkwREFLaG5IaXowR0ZYZWhNay9uMkZ0SEhBd01RVExUcGN6RnlhM3NZS1pvY2Z4M3ozV095WVpDWVMKN2xtdkc4TzVQV1FlYzM2MkkxZTNua2NkRnZ6VHRETnJwRGlTQUFpY0g3djhUR0phQTUzbndRUlBNVW1SdGdGUApnMFdhZVRXb2xKR3F2ZWh6RXhzUnowb3p6RDlZUTdrejBkeld4eXJvdk1OK0lLVENHZGtvM2VOK2g3THAvMGhwCjhLdGhoNjlOajZkZG9sVkJNOTBTSVlZUkt3SURBUUFCbzBJd1FEQU9CZ05WSFE4QkFmOEVCQU1DQWdRd0R3WUQKVlIwVEFRSC9CQVV3QXdFQi96QWRCZ05WSFE0RUZnUVUvbXRvanZKT2t2MWtKLzhxOW1Wd2dWbWxKVkV3RFFZSgpLb1pJaHZjTkFRRUxCUUFEZ2dHQkFNWld2MmFmUG5FN0d3MEtqNFVNbUZrZzN0amorbzU2cWtGVyttbGE5SFl5CklVSWhJcjRNL3JrS21xUk02dDE5NGJZR2Fwbk5Ec3RXcXBYU2JzcFd5a2toMW5KMzYzV09pY0FMQ0NxSjJ2UHAKR0x6SHVCZHg3NnBSUDNTVjA4UVQybCswTDREOVhtTEJFaDlYOGVEZjg2d1hTMkw0bGhPVFJIR29Xa2tWTmdNawoyMmE2K1ZxV2FWNElMY1JoNld2VmxyWSt6ci85ZXJab0JFWm1mdE5zMUxBcFhJNEZPQ01KOHFWQ0FDSUd4cDNHCmVhY1FXQjloWEMzUksrNXh5K21QMzRXRklqak9tY3dKN0t6VVFySWFoaEwyOEtDNm5GbWU4NTZOdUxzcDVZVWUKLy9vcTJUd1NYTDNwUktUVmlGSEtxUjhnR2FJa1ZLd2V4RlkrdEFCRUZrbEczbXhvb1pLTVJHOVBiNW52OFBSWAo4SHpET0k5WFZUOVpObFJ0dWtQcWpUN2dpOTREWm9YRnNRdFkxb0c3VTZsZk1kRlhseGRUU3RPMmdsV2NRY3JQCk5nR2FQWFk0SUNqNm1ORnNBUmZxLzcwMytvM0J4bzJGTDJubVp6dERGaVBHOWVuanBxOE1nU1kwZHE2enVTNG4KMFd0NlYvenRhZm4yd3dVMW40Q2VvUT09Ci0tLS0tRU5EIENFUlRJRklDQVRFLS0tLS0K"
              }
            ],
            "master_authorized_networks_config": [
              {
                "cidr_blocks": [
                  {
                    "cidr_block": "10.0.0.0/24",
                    "display_name": null
                  },
                  {
                    "cidr_block": "10.128.0.0/20",
                    "display_name": null
                  },
                  {
                    "cidr_block": "10.142.0.0/20",
                    "display_name": ""
                  }
                ],
                "gcp_public_cidrs_access_enabled": false
              }
            ],
            "master_version": "1.29.7-gke.1104000",
            "mesh_certificates": [],
            "min_master_version": null,
            "monitoring_config": [
              {
                "advanced_datapath_observability_config": [
                  {
                    "enable_metrics": false,
                    "enable_relay": false
                  }
                ],
                "enable_components": [
                  "SYSTEM_COMPONENTS",
                  "HPA",
                  "POD",
                  "DAEMONSET",
                  "DEPLOYMENT",
                  "STATEFULSET",
                  "STORAGE",
                  "CADVISOR",
                  "KUBELET"
                ],
                "managed_prometheus": [
                  {
                    "enabled": true
                  }
                ]
              }
            ],
            "monitoring_service": "monitoring.googleapis.com/kubernetes",
            "name": "my-gke-cluster-lab",
            "network": "projects/expertis-classroom/global/networks/default",
            "network_policy": [
              {
                "enabled": false,
                "provider": "PROVIDER_UNSPECIFIED"
              }
            ],
            "networking_mode": "VPC_NATIVE",
            "node_config": [
              {
                "advanced_machine_features": [],
                "boot_disk_kms_key": "",
                "confidential_nodes": [],
                "containerd_config": [],
                "disk_size_gb": 100,
                "disk_type": "pd-balanced",
                "effective_taints": [],
                "enable_confidential_storage": false,
                "ephemeral_storage_local_ssd_config": [],
                "fast_socket": [],
                "gcfs_config": [],
                "guest_accelerator": [],
                "gvnic": [],
                "host_maintenance_policy": [],
                "image_type": "COS_CONTAINERD",
                "kubelet_config": [],
                "labels": {},
                "linux_node_config": [],
                "local_nvme_ssd_block_config": [],
                "local_ssd_count": 0,
                "logging_variant": "DEFAULT",
                "machine_type": "e2-medium",
                "metadata": {
                  "disable-legacy-endpoints": "true"
                },
                "min_cpu_platform": "",
                "node_group": "",
                "oauth_scopes": [
                  "https://www.googleapis.com/auth/cloud-platform"
                ],
                "preemptible": true,
                "reservation_affinity": [],
                "resource_labels": {},
                "resource_manager_tags": {},
                "secondary_boot_disks": [],
                "service_account": "sa-k8-lab@expertis-classroom.iam.gserviceaccount.com",
                "shielded_instance_config": [
                  {
                    "enable_integrity_monitoring": true,
                    "enable_secure_boot": false
                  }
                ],
                "sole_tenant_config": [],
                "spot": false,
                "tags": [],
                "taint": [],
                "workload_metadata_config": []
              }
            ],
            "node_locations": [],
            "node_pool": [
              {
                "autoscaling": [],
                "initial_node_count": 2,
                "instance_group_urls": [
                  "https://www.googleapis.com/compute/v1/projects/expertis-classroom/zones/us-central1-a/instanceGroupManagers/gke-my-gke-cluster-lab-lab-node-pool-b8a03097-grp"
                ],
                "managed_instance_group_urls": [
                  "https://www.googleapis.com/compute/v1/projects/expertis-classroom/zones/us-central1-a/instanceGroups/gke-my-gke-cluster-lab-lab-node-pool-b8a03097-grp"
                ],
                "management": [
                  {
                    "auto_repair": true,
                    "auto_upgrade": true
                  }
                ],
                "max_pods_per_node": 50,
                "name": "lab-node-pool",
                "name_prefix": "",
                "network_config": [
                  {
                    "additional_node_network_configs": [],
                    "additional_pod_network_configs": [],
                    "create_pod_range": false,
                    "enable_private_nodes": true,
                    "network_performance_config": [],
                    "pod_cidr_overprovision_config": [],
                    "pod_ipv4_cidr_block": "10.11.0.0/21",
                    "pod_range": "pods-subnet"
                  }
                ],
                "node_config": [
                  {
                    "advanced_machine_features": [],
                    "boot_disk_kms_key": "",
                    "confidential_nodes": [],
                    "containerd_config": [],
                    "disk_size_gb": 100,
                    "disk_type": "pd-balanced",
                    "effective_taints": [],
                    "enable_confidential_storage": false,
                    "ephemeral_storage_local_ssd_config": [],
                    "fast_socket": [],
                    "gcfs_config": [],
                    "guest_accelerator": [],
                    "gvnic": [],
                    "host_maintenance_policy": [],
                    "image_type": "COS_CONTAINERD",
                    "kubelet_config": [],
                    "labels": {},
                    "linux_node_config": [],
                    "local_nvme_ssd_block_config": [],
                    "local_ssd_count": 0,
                    "logging_variant": "DEFAULT",
                    "machine_type": "e2-medium",
                    "metadata": {
                      "disable-legacy-endpoints": "true"
                    },
                    "min_cpu_platform": "",
                    "node_group": "",
                    "oauth_scopes": [
                      "https://www.googleapis.com/auth/cloud-platform"
                    ],
                    "preemptible": true,
                    "reservation_affinity": [],
                    "resource_labels": {},
                    "resource_manager_tags": {},
                    "secondary_boot_disks": [],
                    "service_account": "sa-k8-lab@expertis-classroom.iam.gserviceaccount.com",
                    "shielded_instance_config": [
                      {
                        "enable_integrity_monitoring": true,
                        "enable_secure_boot": false
                      }
                    ],
                    "sole_tenant_config": [],
                    "spot": false,
                    "tags": [],
                    "taint": [],
                    "workload_metadata_config": []
                  }
                ],
                "node_count": 2,
                "node_locations": [
                  "us-central1-a"
                ],
                "placement_policy": [],
                "queued_provisioning": [],
                "upgrade_settings": [
                  {
                    "blue_green_settings": [],
                    "max_surge": 1,
                    "max_unavailable": 0,
                    "strategy": "SURGE"
                  }
                ],
                "version": "1.29.7-gke.1104000"
              }
            ],
            "node_pool_auto_config": [],
            "node_pool_defaults": [
              {
                "node_config_defaults": [
                  {
                    "containerd_config": [],
                    "logging_variant": "DEFAULT"
                  }
                ]
              }
            ],
            "node_version": "1.29.7-gke.1104000",
            "notification_config": [
              {
                "pubsub": [
                  {
                    "enabled": false,
                    "filter": [],
                    "topic": ""
                  }
                ]
              }
            ],
            "operation": null,
            "private_cluster_config": [
              {
                "enable_private_endpoint": true,
                "enable_private_nodes": true,
                "master_global_access_config": [
                  {
                    "enabled": true
                  }
                ],
                "master_ipv4_cidr_block": "10.13.0.0/28",
                "peering_name": "",
                "private_endpoint": "10.13.0.2",
                "private_endpoint_subnetwork": "",
                "public_endpoint": "34.30.153.201"
              }
            ],
            "private_ipv6_google_access": "",
            "project": "expertis-classroom",
            "release_channel": [
              {
                "channel": "REGULAR"
              }
            ],
            "remove_default_node_pool": true,
            "resource_labels": {},
            "resource_usage_export_config": [],
            "secret_manager_config": [
              {
                "enabled": false
              }
            ],
            "security_posture_config": [
              {
                "mode": "BASIC",
                "vulnerability_mode": "VULNERABILITY_MODE_UNSPECIFIED"
              }
            ],
            "self_link": "https://container.googleapis.com/v1/projects/expertis-classroom/zones/us-central1-a/clusters/my-gke-cluster-lab",
            "service_external_ips_config": [
              {
                "enabled": false
              }
            ],
            "services_ipv4_cidr": "10.12.0.0/21",
            "subnetwork": "projects/expertis-classroom/regions/us-central1/subnetworks/lab-subnet",
            "terraform_labels": {
              "goog-terraform-provisioned": "true"
            },
            "timeouts": null,
            "tpu_ipv4_cidr_block": "",
            "vertical_pod_autoscaling": [],
            "workload_identity_config": []
          },
          "sensitive_attributes": [
            [
              {
                "type": "get_attr",
                "value": "master_auth"
              },
              {
                "type": "index",
                "value": {
                  "value": 0,
                  "type": "number"
                }
              },
              {
                "type": "get_attr",
                "value": "client_key"
              }
            ]
          ],
          "private": "eyJlMmJmYjczMC1lY2FhLTExZTYtOGY4OC0zNDM2M2JjN2M0YzAiOnsiY3JlYXRlIjoyNDAwMDAwMDAwMDAwLCJkZWxldGUiOjI0MDAwMDAwMDAwMDAsInJlYWQiOjI0MDAwMDAwMDAwMDAsInVwZGF0ZSI6MzYwMDAwMDAwMDAwMH0sInNjaGVtYV92ZXJzaW9uIjoiMiJ9",
          "dependencies": [
            "data.google_compute_network.default",
            "data.google_compute_subnetwork.default",
            "data.google_compute_subnetwork.east_default",
            "google_compute_subnetwork.subnetwork"
          ]
        }
      ]
    },
    {
      "mode": "managed",
      "type": "google_container_node_pool",
      "name": "primary_preemptible_nodes",
      "provider": "provider[\"registry.terraform.io/hashicorp/google\"]",
      "instances": [
        {
          "schema_version": 1,
          "attributes": {
            "autoscaling": [],
            "cluster": "my-gke-cluster-lab",
            "id": "projects/expertis-classroom/locations/us-central1-a/clusters/my-gke-cluster-lab/nodePools/lab-node-pool",
            "initial_node_count": 2,
            "instance_group_urls": [
              "https://www.googleapis.com/compute/v1/projects/expertis-classroom/zones/us-central1-a/instanceGroupManagers/gke-my-gke-cluster-lab-lab-node-pool-b8a03097-grp"
            ],
            "location": "us-central1-a",
            "managed_instance_group_urls": [
              "https://www.googleapis.com/compute/v1/projects/expertis-classroom/zones/us-central1-a/instanceGroups/gke-my-gke-cluster-lab-lab-node-pool-b8a03097-grp"
            ],
            "management": [
              {
                "auto_repair": true,
                "auto_upgrade": true
              }
            ],
            "max_pods_per_node": 50,
            "name": "lab-node-pool",
            "name_prefix": "",
            "network_config": [
              {
                "additional_node_network_configs": [],
                "additional_pod_network_configs": [],
                "create_pod_range": false,
                "enable_private_nodes": true,
                "network_performance_config": [],
                "pod_cidr_overprovision_config": [],
                "pod_ipv4_cidr_block": "10.11.0.0/21",
                "pod_range": "pods-subnet"
              }
            ],
            "node_config": [
              {
                "advanced_machine_features": [],
                "boot_disk_kms_key": "",
                "confidential_nodes": [],
                "containerd_config": [],
                "disk_size_gb": 100,
                "disk_type": "pd-balanced",
                "effective_taints": [],
                "enable_confidential_storage": false,
                "ephemeral_storage_local_ssd_config": [],
                "fast_socket": [],
                "gcfs_config": [],
                "guest_accelerator": [],
                "gvnic": [],
                "host_maintenance_policy": [],
                "image_type": "COS_CONTAINERD",
                "kubelet_config": [],
                "labels": {},
                "linux_node_config": [],
                "local_nvme_ssd_block_config": [],
                "local_ssd_count": 0,
                "logging_variant": "DEFAULT",
                "machine_type": "e2-medium",
                "metadata": {
                  "disable-legacy-endpoints": "true"
                },
                "min_cpu_platform": "",
                "node_group": "",
                "oauth_scopes": [
                  "https://www.googleapis.com/auth/cloud-platform"
                ],
                "preemptible": true,
                "reservation_affinity": [],
                "resource_labels": {},
                "resource_manager_tags": {},
                "secondary_boot_disks": [],
                "service_account": "sa-k8-lab@expertis-classroom.iam.gserviceaccount.com",
                "shielded_instance_config": [
                  {
                    "enable_integrity_monitoring": true,
                    "enable_secure_boot": false
                  }
                ],
                "sole_tenant_config": [],
                "spot": false,
                "tags": [],
                "taint": [],
                "workload_metadata_config": []
              }
            ],
            "node_count": 2,
            "node_locations": [
              "us-central1-a"
            ],
            "operation": null,
            "placement_policy": [],
            "project": "expertis-classroom",
            "queued_provisioning": [],
            "timeouts": null,
            "upgrade_settings": [
              {
                "blue_green_settings": [],
                "max_surge": 1,
                "max_unavailable": 0,
                "strategy": "SURGE"
              }
            ],
            "version": "1.29.7-gke.1104000"
          },
          "sensitive_attributes": [],
          "private": "eyJlMmJmYjczMC1lY2FhLTExZTYtOGY4OC0zNDM2M2JjN2M0YzAiOnsiY3JlYXRlIjoxODAwMDAwMDAwMDAwLCJkZWxldGUiOjE4MDAwMDAwMDAwMDAsInVwZGF0ZSI6MTgwMDAwMDAwMDAwMH0sInNjaGVtYV92ZXJzaW9uIjoiMSJ9",
          "dependencies": [
            "data.google_compute_network.default",
            "data.google_compute_subnetwork.default",
            "data.google_compute_subnetwork.east_default",
            "google_compute_subnetwork.subnetwork",
            "google_container_cluster.primary",
            "google_service_account.sa-k8-lab"
          ]
        }
      ]
    },
    {
      "mode": "managed",
      "type": "google_project_service",
      "name": "enabled_apis",
      "provider": "provider[\"registry.terraform.io/hashicorp/google\"]",
      "instances": [
        {
          "index_key": "cloudresourcemanager.googleapis.com",
          "schema_version": 0,
          "attributes": {
            "disable_dependent_services": null,
            "disable_on_destroy": false,
            "id": "expertis-classroom/cloudresourcemanager.googleapis.com",
            "project": "expertis-classroom",
            "service": "cloudresourcemanager.googleapis.com",
            "timeouts": null
          },
          "sensitive_attributes": [],
          "private": "eyJlMmJmYjczMC1lY2FhLTExZTYtOGY4OC0zNDM2M2JjN2M0YzAiOnsiY3JlYXRlIjoxMjAwMDAwMDAwMDAwLCJkZWxldGUiOjEyMDAwMDAwMDAwMDAsInJlYWQiOjYwMDAwMDAwMDAwMCwidXBkYXRlIjoxMjAwMDAwMDAwMDAwfX0="
        },
        {
          "index_key": "compute.googleapis.com",
          "schema_version": 0,
          "attributes": {
            "disable_dependent_services": null,
            "disable_on_destroy": false,
            "id": "expertis-classroom/compute.googleapis.com",
            "project": "expertis-classroom",
            "service": "compute.googleapis.com",
            "timeouts": null
          },
          "sensitive_attributes": [],
          "private": "eyJlMmJmYjczMC1lY2FhLTExZTYtOGY4OC0zNDM2M2JjN2M0YzAiOnsiY3JlYXRlIjoxMjAwMDAwMDAwMDAwLCJkZWxldGUiOjEyMDAwMDAwMDAwMDAsInJlYWQiOjYwMDAwMDAwMDAwMCwidXBkYXRlIjoxMjAwMDAwMDAwMDAwfX0="
        },
        {
          "index_key": "container.googleapis.com",
          "schema_version": 0,
          "attributes": {
            "disable_dependent_services": null,
            "disable_on_destroy": false,
            "id": "expertis-classroom/container.googleapis.com",
            "project": "expertis-classroom",
            "service": "container.googleapis.com",
            "timeouts": null
          },
          "sensitive_attributes": [],
          "private": "eyJlMmJmYjczMC1lY2FhLTExZTYtOGY4OC0zNDM2M2JjN2M0YzAiOnsiY3JlYXRlIjoxMjAwMDAwMDAwMDAwLCJkZWxldGUiOjEyMDAwMDAwMDAwMDAsInJlYWQiOjYwMDAwMDAwMDAwMCwidXBkYXRlIjoxMjAwMDAwMDAwMDAwfX0="
        },
        {
          "index_key": "gkehub.googleapis.com",
          "schema_version": 0,
          "attributes": {
            "disable_dependent_services": null,
            "disable_on_destroy": false,
            "id": "expertis-classroom/gkehub.googleapis.com",
            "project": "expertis-classroom",
            "service": "gkehub.googleapis.com",
            "timeouts": null
          },
          "sensitive_attributes": [],
          "private": "eyJlMmJmYjczMC1lY2FhLTExZTYtOGY4OC0zNDM2M2JjN2M0YzAiOnsiY3JlYXRlIjoxMjAwMDAwMDAwMDAwLCJkZWxldGUiOjEyMDAwMDAwMDAwMDAsInJlYWQiOjYwMDAwMDAwMDAwMCwidXBkYXRlIjoxMjAwMDAwMDAwMDAwfX0="
        },
        {
          "index_key": "servicenetworking.googleapis.com",
          "schema_version": 0,
          "attributes": {
            "disable_dependent_services": null,
            "disable_on_destroy": false,
            "id": "expertis-classroom/servicenetworking.googleapis.com",
            "project": "expertis-classroom",
            "service": "servicenetworking.googleapis.com",
            "timeouts": null
          },
          "sensitive_attributes": [],
          "private": "eyJlMmJmYjczMC1lY2FhLTExZTYtOGY4OC0zNDM2M2JjN2M0YzAiOnsiY3JlYXRlIjoxMjAwMDAwMDAwMDAwLCJkZWxldGUiOjEyMDAwMDAwMDAwMDAsInJlYWQiOjYwMDAwMDAwMDAwMCwidXBkYXRlIjoxMjAwMDAwMDAwMDAwfX0="
        },
        {
          "index_key": "serviceusage.googleapis.com",
          "schema_version": 0,
          "attributes": {
            "disable_dependent_services": null,
            "disable_on_destroy": false,
            "id": "expertis-classroom/serviceusage.googleapis.com",
            "project": "expertis-classroom",
            "service": "serviceusage.googleapis.com",
            "timeouts": null
          },
          "sensitive_attributes": [],
          "private": "eyJlMmJmYjczMC1lY2FhLTExZTYtOGY4OC0zNDM2M2JjN2M0YzAiOnsiY3JlYXRlIjoxMjAwMDAwMDAwMDAwLCJkZWxldGUiOjEyMDAwMDAwMDAwMDAsInJlYWQiOjYwMDAwMDAwMDAwMCwidXBkYXRlIjoxMjAwMDAwMDAwMDAwfX0="
        }
      ]
    },
    {
      "mode": "managed",
      "type": "google_service_account",
      "name": "sa-k8-lab",
      "provider": "provider[\"registry.terraform.io/hashicorp/google\"]",
      "instances": [
        {
          "schema_version": 0,
          "attributes": {
            "account_id": "sa-k8-lab",
            "create_ignore_already_exists": null,
            "description": "",
            "disabled": false,
            "display_name": "Service Account Kubernetes lab",
            "email": "sa-k8-lab@expertis-classroom.iam.gserviceaccount.com",
            "id": "projects/expertis-classroom/serviceAccounts/sa-k8-lab@expertis-classroom.iam.gserviceaccount.com",
            "member": "serviceAccount:sa-k8-lab@expertis-classroom.iam.gserviceaccount.com",
            "name": "projects/expertis-classroom/serviceAccounts/sa-k8-lab@expertis-classroom.iam.gserviceaccount.com",
            "project": "expertis-classroom",
            "timeouts": null,
            "unique_id": "117737223759756896467"
          },
          "sensitive_attributes": [],
          "private": "eyJlMmJmYjczMC1lY2FhLTExZTYtOGY4OC0zNDM2M2JjN2M0YzAiOnsiY3JlYXRlIjozMDAwMDAwMDAwMDB9fQ=="
        }
      ]
    },
    {
      "mode": "managed",
      "type": "null_resource",
      "name": "prep",
      "provider": "provider[\"registry.terraform.io/hashicorp/null\"]",
      "instances": [
        {
          "schema_version": 0,
          "attributes": {
            "id": "9112694587359944054",
            "triggers": null
          },
          "sensitive_attributes": [],
          "dependencies": [
            "google_project_service.enabled_apis"
          ]
        }
      ]
    }
  ],
  "check_results": null
}
