{
  "version": 4,
  "terraform_version": "1.9.5",
  "serial": 214,
  "lineage": "1721ea36-fbed-d265-a480-b206c77d8745",
  "outputs": {
    "gke_cluster_endpoint": {
      "value": "10.13.0.2",
      "type": "string"
    },
    "gke_cluster_master_version": {
      "value": "1.29.7-gke.1274000",
      "type": "string"
    },
    "gke_cluster_name": {
      "value": "my-gke-cluster-lab",
      "type": "string"
    }
  },
  "resources": [
    {
      "mode": "data",
      "type": "google_compute_network",
      "name": "default",
      "provider": "provider[\"registry.terraform.io/hashicorp/google\"]",
      "instances": [
        {
          "schema_version": 0,
          "attributes": {
            "description": "Default network for the project",
            "gateway_ipv4": "",
            "id": "projects/expertis-classroom/global/networks/default",
            "internal_ipv6_range": "",
            "name": "default",
            "project": null,
            "self_link": "https://www.googleapis.com/compute/v1/projects/expertis-classroom/global/networks/default",
            "subnetworks_self_links": [
              "https://www.googleapis.com/compute/v1/projects/expertis-classroom/regions/asia-south1/subnetworks/default",
              "https://www.googleapis.com/compute/v1/projects/expertis-classroom/regions/northamerica-northeast1/subnetworks/default",
              "https://www.googleapis.com/compute/v1/projects/expertis-classroom/regions/me-west1/subnetworks/default",
              "https://www.googleapis.com/compute/v1/projects/expertis-classroom/regions/us-central1/subnetworks/gke-my-gke-cluster-lab-a40db388-pe-subnet",
              "https://www.googleapis.com/compute/v1/projects/expertis-classroom/regions/europe-west10/subnetworks/default",
              "https://www.googleapis.com/compute/v1/projects/expertis-classroom/regions/us-central1/subnetworks/lab-subnet",
              "https://www.googleapis.com/compute/v1/projects/expertis-classroom/regions/europe-west4/subnetworks/default",
              "https://www.googleapis.com/compute/v1/projects/expertis-classroom/regions/asia-northeast3/subnetworks/default",
              "https://www.googleapis.com/compute/v1/projects/expertis-classroom/regions/northamerica-northeast2/subnetworks/default",
              "https://www.googleapis.com/compute/v1/projects/expertis-classroom/regions/africa-south1/subnetworks/default",
              "https://www.googleapis.com/compute/v1/projects/expertis-classroom/regions/europe-west8/subnetworks/default",
              "https://www.googleapis.com/compute/v1/projects/expertis-classroom/regions/us-east7/subnetworks/default",
              "https://www.googleapis.com/compute/v1/projects/expertis-classroom/regions/asia-south2/subnetworks/default",
              "https://www.googleapis.com/compute/v1/projects/expertis-classroom/regions/europe-west9/subnetworks/default",
              "https://www.googleapis.com/compute/v1/projects/expertis-classroom/regions/asia-east2/subnetworks/default",
              "https://www.googleapis.com/compute/v1/projects/expertis-classroom/regions/europe-southwest1/subnetworks/default",
              "https://www.googleapis.com/compute/v1/projects/expertis-classroom/regions/southamerica-west1/subnetworks/default",
              "https://www.googleapis.com/compute/v1/projects/expertis-classroom/regions/europe-west2/subnetworks/default",
              "https://www.googleapis.com/compute/v1/projects/expertis-classroom/regions/us-east4/subnetworks/default",
              "https://www.googleapis.com/compute/v1/projects/expertis-classroom/regions/europe-west6/subnetworks/default",
              "https://www.googleapis.com/compute/v1/projects/expertis-classroom/regions/us-central1/subnetworks/default",
              "https://www.googleapis.com/compute/v1/projects/expertis-classroom/regions/europe-west3/subnetworks/default",
              "https://www.googleapis.com/compute/v1/projects/expertis-classroom/regions/us-east5/subnetworks/default",
              "https://www.googleapis.com/compute/v1/projects/expertis-classroom/regions/us-west3/subnetworks/default",
              "https://www.googleapis.com/compute/v1/projects/expertis-classroom/regions/us-east1/subnetworks/default",
              "https://www.googleapis.com/compute/v1/projects/expertis-classroom/regions/us-south1/subnetworks/default",
              "https://www.googleapis.com/compute/v1/projects/expertis-classroom/regions/us-west8/subnetworks/default",
              "https://www.googleapis.com/compute/v1/projects/expertis-classroom/regions/us-west2/subnetworks/default",
              "https://www.googleapis.com/compute/v1/projects/expertis-classroom/regions/southamerica-east1/subnetworks/default",
              "https://www.googleapis.com/compute/v1/projects/expertis-classroom/regions/europe-central2/subnetworks/default",
              "https://www.googleapis.com/compute/v1/projects/expertis-classroom/regions/asia-northeast2/subnetworks/default",
              "https://www.googleapis.com/compute/v1/projects/expertis-classroom/regions/asia-east1/subnetworks/default",
              "https://www.googleapis.com/compute/v1/projects/expertis-classroom/regions/me-central1/subnetworks/default",
              "https://www.googleapis.com/compute/v1/projects/expertis-classroom/regions/us-west1/subnetworks/default",
              "https://www.googleapis.com/compute/v1/projects/expertis-classroom/regions/northamerica-south1/subnetworks/default",
              "https://www.googleapis.com/compute/v1/projects/expertis-classroom/regions/asia-northeast1/subnetworks/default",
              "https://www.googleapis.com/compute/v1/projects/expertis-classroom/regions/australia-southeast1/subnetworks/default",
              "https://www.googleapis.com/compute/v1/projects/expertis-classroom/regions/australia-southeast2/subnetworks/default",
              "https://www.googleapis.com/compute/v1/projects/expertis-classroom/regions/europe-west1/subnetworks/default",
              "https://www.googleapis.com/compute/v1/projects/expertis-classroom/regions/asia-southeast2/subnetworks/default",
              "https://www.googleapis.com/compute/v1/projects/expertis-classroom/regions/europe-north1/subnetworks/default",
              "https://www.googleapis.com/compute/v1/projects/expertis-classroom/regions/us-west4/subnetworks/default",
              "https://www.googleapis.com/compute/v1/projects/expertis-classroom/regions/europe-west12/subnetworks/default",
              "https://www.googleapis.com/compute/v1/projects/expertis-classroom/regions/asia-southeast1/subnetworks/default"
            ]
          },
          "sensitive_attributes": []
        }
      ]
    },
    {
      "mode": "data",
      "type": "google_compute_subnetwork",
      "name": "default",
      "provider": "provider[\"registry.terraform.io/hashicorp/google\"]",
      "instances": [
        {
          "schema_version": 0,
          "attributes": {
            "description": "",
            "gateway_address": "10.128.0.1",
            "id": "projects/expertis-classroom/regions/us-central1/subnetworks/default",
            "internal_ipv6_prefix": "",
            "ip_cidr_range": "10.128.0.0/20",
            "name": "default",
            "network": "https://www.googleapis.com/compute/v1/projects/expertis-classroom/global/networks/default",
            "private_ip_google_access": true,
            "project": "expertis-classroom",
            "region": "us-central1",
            "secondary_ip_range": [],
            "self_link": "https://www.googleapis.com/compute/v1/projects/expertis-classroom/regions/us-central1/subnetworks/default"
          },
          "sensitive_attributes": []
        }
      ]
    },
    {
      "mode": "data",
      "type": "google_compute_subnetwork",
      "name": "east_default",
      "provider": "provider[\"registry.terraform.io/hashicorp/google\"]",
      "instances": [
        {
          "schema_version": 0,
          "attributes": {
            "description": "",
            "gateway_address": "10.142.0.1",
            "id": "projects/expertis-classroom/regions/us-east1/subnetworks/default",
            "internal_ipv6_prefix": "",
            "ip_cidr_range": "10.142.0.0/20",
            "name": "default",
            "network": "https://www.googleapis.com/compute/v1/projects/expertis-classroom/global/networks/default",
            "private_ip_google_access": false,
            "project": "expertis-classroom",
            "region": "us-east1",
            "secondary_ip_range": [],
            "self_link": "https://www.googleapis.com/compute/v1/projects/expertis-classroom/regions/us-east1/subnetworks/default"
          },
          "sensitive_attributes": []
        }
      ]
    },
    {
      "mode": "data",
      "type": "google_dns_managed_zone",
      "name": "devops_cl",
      "provider": "provider[\"registry.terraform.io/hashicorp/google\"]",
      "instances": [
        {
          "schema_version": 0,
          "attributes": {
            "description": "devops.cl Public DNS zone",
            "dns_name": "devops.cl.",
            "id": "projects/expertis-classroom/managedZones/devops-cl",
            "managed_zone_id": 6300936903632240905,
            "name": "devops-cl",
            "name_servers": [
              "ns-cloud-a1.googledomains.com.",
              "ns-cloud-a2.googledomains.com.",
              "ns-cloud-a3.googledomains.com.",
              "ns-cloud-a4.googledomains.com."
            ],
            "project": "expertis-classroom",
            "visibility": "public"
          },
          "sensitive_attributes": []
        }
      ]
    },
    {
      "mode": "managed",
      "type": "google_compute_address",
      "name": "global_ip",
      "provider": "provider[\"registry.terraform.io/hashicorp/google\"]",
      "instances": [
        {
          "schema_version": 0,
          "attributes": {
            "address": "34.44.36.59",
            "address_type": "EXTERNAL",
            "creation_timestamp": "2024-09-05T05:25:45.056-07:00",
            "description": "",
            "effective_labels": {
              "goog-terraform-provisioned": "true"
            },
            "id": "projects/expertis-classroom/regions/us-central1/addresses/lab-global-ip",
            "ip_version": "",
            "ipv6_endpoint_type": "",
            "label_fingerprint": "vezUS-42LLM=",
            "labels": {},
            "name": "lab-global-ip",
            "network": "",
            "network_tier": "PREMIUM",
            "prefix_length": 0,
            "project": "expertis-classroom",
            "purpose": "",
            "region": "us-central1",
            "self_link": "https://www.googleapis.com/compute/v1/projects/expertis-classroom/regions/us-central1/addresses/lab-global-ip",
            "subnetwork": "",
            "terraform_labels": {
              "goog-terraform-provisioned": "true"
            },
            "timeouts": null,
            "users": [
              "https://www.googleapis.com/compute/v1/projects/expertis-classroom/regions/us-central1/routers/lab-nat-router"
            ]
          },
          "sensitive_attributes": [],
          "private": "eyJlMmJmYjczMC1lY2FhLTExZTYtOGY4OC0zNDM2M2JjN2M0YzAiOnsiY3JlYXRlIjoxMjAwMDAwMDAwMDAwLCJkZWxldGUiOjEyMDAwMDAwMDAwMDAsInVwZGF0ZSI6MTIwMDAwMDAwMDAwMH19"
        }
      ]
    },
    {
      "mode": "managed",
      "type": "google_compute_address",
      "name": "lb-ip-ingress",
      "provider": "provider[\"registry.terraform.io/hashicorp/google\"]",
      "instances": [
        {
          "schema_version": 0,
          "attributes": {
            "address": "34.132.176.169",
            "address_type": "EXTERNAL",
            "creation_timestamp": "2024-09-09T15:00:08.657-07:00",
            "description": "",
            "effective_labels": {
              "goog-terraform-provisioned": "true"
            },
            "id": "projects/expertis-classroom/regions/us-central1/addresses/lb-ip-ingress",
            "ip_version": "",
            "ipv6_endpoint_type": "",
            "label_fingerprint": "vezUS-42LLM=",
            "labels": {},
            "name": "lb-ip-ingress",
            "network": "",
            "network_tier": "PREMIUM",
            "prefix_length": 0,
            "project": "expertis-classroom",
            "purpose": "",
            "region": "us-central1",
            "self_link": "https://www.googleapis.com/compute/v1/projects/expertis-classroom/regions/us-central1/addresses/lb-ip-ingress",
            "subnetwork": "",
            "terraform_labels": {
              "goog-terraform-provisioned": "true"
            },
            "timeouts": null,
            "users": [
              "https://www.googleapis.com/compute/v1/projects/expertis-classroom/regions/us-central1/forwardingRules/a1f9b53a1025648209fc7b6984da1488"
            ]
          },
          "sensitive_attributes": [],
          "private": "eyJlMmJmYjczMC1lY2FhLTExZTYtOGY4OC0zNDM2M2JjN2M0YzAiOnsiY3JlYXRlIjoxMjAwMDAwMDAwMDAwLCJkZWxldGUiOjEyMDAwMDAwMDAwMDAsInVwZGF0ZSI6MTIwMDAwMDAwMDAwMH19"
        }
      ]
    },
    {
      "mode": "managed",
      "type": "google_compute_router",
      "name": "nat_router",
      "provider": "provider[\"registry.terraform.io/hashicorp/google\"]",
      "instances": [
        {
          "schema_version": 0,
          "attributes": {
            "bgp": [],
            "creation_timestamp": "2024-09-05T05:25:44.993-07:00",
            "description": "",
            "encrypted_interconnect_router": false,
            "id": "projects/expertis-classroom/regions/us-central1/routers/lab-nat-router",
            "name": "lab-nat-router",
            "network": "https://www.googleapis.com/compute/v1/projects/expertis-classroom/global/networks/default",
            "project": "expertis-classroom",
            "region": "us-central1",
            "self_link": "https://www.googleapis.com/compute/v1/projects/expertis-classroom/regions/us-central1/routers/lab-nat-router",
            "timeouts": null
          },
          "sensitive_attributes": [],
          "private": "eyJlMmJmYjczMC1lY2FhLTExZTYtOGY4OC0zNDM2M2JjN2M0YzAiOnsiY3JlYXRlIjoxMjAwMDAwMDAwMDAwLCJkZWxldGUiOjEyMDAwMDAwMDAwMDAsInVwZGF0ZSI6MTIwMDAwMDAwMDAwMH19",
          "dependencies": [
            "data.google_compute_network.default"
          ]
        }
      ]
    },
    {
      "mode": "managed",
      "type": "google_compute_router_nat",
      "name": "nat",
      "provider": "provider[\"registry.terraform.io/hashicorp/google\"]",
      "instances": [
        {
          "schema_version": 0,
          "attributes": {
            "auto_network_tier": "",
            "drain_nat_ips": [],
            "enable_dynamic_port_allocation": false,
            "enable_endpoint_independent_mapping": false,
            "endpoint_types": [
              "ENDPOINT_TYPE_VM"
            ],
            "icmp_idle_timeout_sec": 30,
            "id": "expertis-classroom/us-central1/lab-nat-router/lab-nat",
            "log_config": [],
            "max_ports_per_vm": 0,
            "min_ports_per_vm": 0,
            "name": "lab-nat",
            "nat_ip_allocate_option": "MANUAL_ONLY",
            "nat_ips": [
              "https://www.googleapis.com/compute/v1/projects/expertis-classroom/regions/us-central1/addresses/lab-global-ip"
            ],
            "project": "expertis-classroom",
            "region": "us-central1",
            "router": "lab-nat-router",
            "rules": [],
            "source_subnetwork_ip_ranges_to_nat": "ALL_SUBNETWORKS_ALL_IP_RANGES",
            "subnetwork": [],
            "tcp_established_idle_timeout_sec": 1200,
            "tcp_time_wait_timeout_sec": 120,
            "tcp_transitory_idle_timeout_sec": 30,
            "timeouts": null,
            "udp_idle_timeout_sec": 30
          },
          "sensitive_attributes": [],
          "private": "eyJlMmJmYjczMC1lY2FhLTExZTYtOGY4OC0zNDM2M2JjN2M0YzAiOnsiY3JlYXRlIjoxMjAwMDAwMDAwMDAwLCJkZWxldGUiOjEyMDAwMDAwMDAwMDAsInVwZGF0ZSI6MTIwMDAwMDAwMDAwMH19",
          "dependencies": [
            "data.google_compute_network.default",
            "google_compute_address.global_ip",
            "google_compute_address.lb-ip-ingress",
            "google_compute_router.nat_router",
            "null_resource.wait_for_ip"
          ]
        }
      ]
    },
    {
      "mode": "managed",
      "type": "google_compute_subnetwork",
      "name": "subnetwork",
      "provider": "provider[\"registry.terraform.io/hashicorp/google\"]",
      "instances": [
        {
          "schema_version": 0,
          "attributes": {
            "creation_timestamp": "2024-09-05T00:13:44.414-07:00",
            "description": "",
            "external_ipv6_prefix": "",
            "fingerprint": null,
            "gateway_address": "10.0.0.1",
            "id": "projects/expertis-classroom/regions/us-central1/subnetworks/lab-subnet",
            "internal_ipv6_prefix": "",
            "ip_cidr_range": "10.0.0.0/24",
            "ipv6_access_type": "",
            "ipv6_cidr_range": "",
            "log_config": [],
            "name": "lab-subnet",
            "network": "https://www.googleapis.com/compute/v1/projects/expertis-classroom/global/networks/default",
            "private_ip_google_access": true,
            "private_ipv6_google_access": "DISABLE_GOOGLE_ACCESS",
            "project": "expertis-classroom",
            "purpose": "PRIVATE",
            "region": "us-central1",
            "reserved_internal_range": "",
            "role": "",
            "secondary_ip_range": [
              {
                "ip_cidr_range": "10.11.0.0/21",
                "range_name": "pods-subnet",
                "reserved_internal_range": ""
              },
              {
                "ip_cidr_range": "10.12.0.0/21",
                "range_name": "services-subnet",
                "reserved_internal_range": ""
              }
            ],
            "self_link": "https://www.googleapis.com/compute/v1/projects/expertis-classroom/regions/us-central1/subnetworks/lab-subnet",
            "send_secondary_ip_range_if_empty": null,
            "stack_type": "IPV4_ONLY",
            "timeouts": null
          },
          "sensitive_attributes": [],
          "private": "eyJlMmJmYjczMC1lY2FhLTExZTYtOGY4OC0zNDM2M2JjN2M0YzAiOnsiY3JlYXRlIjoxMjAwMDAwMDAwMDAwLCJkZWxldGUiOjEyMDAwMDAwMDAwMDAsInVwZGF0ZSI6MTIwMDAwMDAwMDAwMH19",
          "dependencies": [
            "data.google_compute_network.default"
          ]
        }
      ]
    },
    {
      "mode": "managed",
      "type": "google_container_cluster",
      "name": "primary",
      "provider": "provider[\"registry.terraform.io/hashicorp/google\"]",
      "instances": [
        {
          "schema_version": 2,
          "attributes": {
            "addons_config": [
              {
                "cloudrun_config": [],
                "config_connector_config": [],
                "dns_cache_config": [],
                "gce_persistent_disk_csi_driver_config": [
                  {
                    "enabled": true
                  }
                ],
                "gcp_filestore_csi_driver_config": [],
                "gcs_fuse_csi_driver_config": [],
                "gke_backup_agent_config": [],
                "horizontal_pod_autoscaling": [
                  {
                    "disabled": false
                  }
                ],
                "http_load_balancing": [
                  {
                    "disabled": false
                  }
                ],
                "network_policy_config": [
                  {
                    "disabled": true
                  }
                ],
                "ray_operator_config": [],
                "stateful_ha_config": []
              }
            ],
            "allow_net_admin": null,
            "authenticator_groups_config": [],
            "binary_authorization": [
              {
                "enabled": false,
                "evaluation_mode": ""
              }
            ],
            "cluster_autoscaling": [
              {
                "auto_provisioning_defaults": [],
                "auto_provisioning_locations": [],
                "autoscaling_profile": "BALANCED",
                "enabled": false,
                "resource_limits": []
              }
            ],
            "cluster_ipv4_cidr": "10.11.0.0/21",
            "confidential_nodes": [],
            "cost_management_config": [],
            "database_encryption": [
              {
                "key_name": "",
                "state": "DECRYPTED"
              }
            ],
            "datapath_provider": "",
            "default_max_pods_per_node": 50,
            "default_snat_status": [
              {
                "disabled": false
              }
            ],
            "deletion_protection": false,
            "description": "",
            "dns_config": [],
            "effective_labels": {
              "goog-terraform-provisioned": "true"
            },
            "enable_autopilot": false,
            "enable_cilium_clusterwide_network_policy": false,
            "enable_intranode_visibility": false,
            "enable_k8s_beta_apis": [],
            "enable_kubernetes_alpha": false,
            "enable_l4_ilb_subsetting": false,
            "enable_legacy_abac": false,
            "enable_multi_networking": false,
            "enable_shielded_nodes": true,
            "enable_tpu": false,
            "endpoint": "10.13.0.2",
            "fleet": [],
            "gateway_api_config": [],
            "id": "projects/expertis-classroom/locations/us-central1-a/clusters/my-gke-cluster-lab",
            "identity_service_config": [],
            "initial_node_count": 1,
            "ip_allocation_policy": [
              {
                "additional_pod_ranges_config": [],
                "cluster_ipv4_cidr_block": "10.11.0.0/21",
                "cluster_secondary_range_name": "pods-subnet",
                "pod_cidr_overprovision_config": [
                  {
                    "disabled": false
                  }
                ],
                "services_ipv4_cidr_block": "10.12.0.0/21",
                "services_secondary_range_name": "services-subnet",
                "stack_type": "IPV4"
              }
            ],
            "label_fingerprint": "78cdf2f6",
            "location": "us-central1-a",
            "logging_config": [
              {
                "enable_components": [
                  "SYSTEM_COMPONENTS",
                  "WORKLOADS"
                ]
              }
            ],
            "logging_service": "logging.googleapis.com/kubernetes",
            "maintenance_policy": [],
            "master_auth": [
              {
                "client_certificate": "",
                "client_certificate_config": [
                  {
                    "issue_client_certificate": false
                  }
                ],
                "client_key": "",
                "cluster_ca_certificate": "LS0tLS1CRUdJTiBDRVJUSUZJQ0FURS0tLS0tCk1JSUVMRENDQXBTZ0F3SUJBZ0lRSitPUCtDbk9xdVpxcHVxSmN3UHJxekFOQmdrcWhraUc5dzBCQVFzRkFEQXYKTVMwd0t3WURWUVFERXlReVl6Z3hNemhpTWkwNFptTXlMVFJoWldZdFltTTROUzA0TWpoaE1qVmpNVEl5WldFdwpJQmNOTWpRd09UQTFNRFl4TkRBNVdoZ1BNakExTkRBNE1qa3dOekUwTURsYU1DOHhMVEFyQmdOVkJBTVRKREpqCk9ERXpPR0l5TFRobVl6SXROR0ZsWmkxaVl6ZzFMVGd5T0dFeU5XTXhNakpsWVRDQ0FhSXdEUVlKS29aSWh2Y04KQVFFQkJRQURnZ0dQQURDQ0FZb0NnZ0dCQU1iTnhJWWE2RUM1d2p3QjNCMkpCS3JJeGFrVVdKL3Bzd0lWOTdXawpZUTBRV2xidmhlTGVUaWd5T21oU2pYWUcyeGtZVmdBKyt5NjVtcGlDbDIzTi9mMFcyOUFKb3RaWDVPaEgxczdoCldCNThWWE5iQS82cGJHeFJaYXhISVVGZzRVN3MwRkkyb3c2NHVGcVVZNWpIaFVGQVVpUXB3UW9UOUVVeWRHYisKZXF1bk9GV3RBSVIwdjQzN3J4dVZiRzYyT21yZEtFTDJROTJEV0ZDMGdRR2svdmtvV2NrWTdyQ0lnRk0rbW9kbgpEeGhRQVg2SVkwYVo3aUw3VDNIa3JHenRpQzlwNFM4Y0ZDRlNxK2pMZmhqQkVhcUNvcXJEQ0ZjdmZDV1FrTlNNClNTYm5WVlkwREFLaG5IaXowR0ZYZWhNay9uMkZ0SEhBd01RVExUcGN6RnlhM3NZS1pvY2Z4M3ozV095WVpDWVMKN2xtdkc4TzVQV1FlYzM2MkkxZTNua2NkRnZ6VHRETnJwRGlTQUFpY0g3djhUR0phQTUzbndRUlBNVW1SdGdGUApnMFdhZVRXb2xKR3F2ZWh6RXhzUnowb3p6RDlZUTdrejBkeld4eXJvdk1OK0lLVENHZGtvM2VOK2g3THAvMGhwCjhLdGhoNjlOajZkZG9sVkJNOTBTSVlZUkt3SURBUUFCbzBJd1FEQU9CZ05WSFE4QkFmOEVCQU1DQWdRd0R3WUQKVlIwVEFRSC9CQVV3QXdFQi96QWRCZ05WSFE0RUZnUVUvbXRvanZKT2t2MWtKLzhxOW1Wd2dWbWxKVkV3RFFZSgpLb1pJaHZjTkFRRUxCUUFEZ2dHQkFNWld2MmFmUG5FN0d3MEtqNFVNbUZrZzN0amorbzU2cWtGVyttbGE5SFl5CklVSWhJcjRNL3JrS21xUk02dDE5NGJZR2Fwbk5Ec3RXcXBYU2JzcFd5a2toMW5KMzYzV09pY0FMQ0NxSjJ2UHAKR0x6SHVCZHg3NnBSUDNTVjA4UVQybCswTDREOVhtTEJFaDlYOGVEZjg2d1hTMkw0bGhPVFJIR29Xa2tWTmdNawoyMmE2K1ZxV2FWNElMY1JoNld2VmxyWSt6ci85ZXJab0JFWm1mdE5zMUxBcFhJNEZPQ01KOHFWQ0FDSUd4cDNHCmVhY1FXQjloWEMzUksrNXh5K21QMzRXRklqak9tY3dKN0t6VVFySWFoaEwyOEtDNm5GbWU4NTZOdUxzcDVZVWUKLy9vcTJUd1NYTDNwUktUVmlGSEtxUjhnR2FJa1ZLd2V4RlkrdEFCRUZrbEczbXhvb1pLTVJHOVBiNW52OFBSWAo4SHpET0k5WFZUOVpObFJ0dWtQcWpUN2dpOTREWm9YRnNRdFkxb0c3VTZsZk1kRlhseGRUU3RPMmdsV2NRY3JQCk5nR2FQWFk0SUNqNm1ORnNBUmZxLzcwMytvM0J4bzJGTDJubVp6dERGaVBHOWVuanBxOE1nU1kwZHE2enVTNG4KMFd0NlYvenRhZm4yd3dVMW40Q2VvUT09Ci0tLS0tRU5EIENFUlRJRklDQVRFLS0tLS0K"
              }
            ],
            "master_authorized_networks_config": [
              {
                "cidr_blocks": [
                  {
                    "cidr_block": "10.0.0.0/24",
                    "display_name": ""
                  },
                  {
                    "cidr_block": "10.128.0.0/20",
                    "display_name": ""
                  },
                  {
                    "cidr_block": "10.142.0.0/20",
                    "display_name": ""
                  }
                ],
                "gcp_public_cidrs_access_enabled": false
              }
            ],
            "master_version": "1.29.7-gke.1274000",
            "mesh_certificates": [],
            "min_master_version": null,
            "monitoring_config": [
              {
                "advanced_datapath_observability_config": [
                  {
                    "enable_metrics": false,
                    "enable_relay": false
                  }
                ],
                "enable_components": [
                  "SYSTEM_COMPONENTS",
                  "HPA",
                  "POD",
                  "DAEMONSET",
                  "DEPLOYMENT",
                  "STATEFULSET",
                  "STORAGE",
                  "CADVISOR",
                  "KUBELET"
                ],
                "managed_prometheus": [
                  {
                    "enabled": true
                  }
                ]
              }
            ],
            "monitoring_service": "monitoring.googleapis.com/kubernetes",
            "name": "my-gke-cluster-lab",
            "network": "projects/expertis-classroom/global/networks/default",
            "network_policy": [
              {
                "enabled": false,
                "provider": "PROVIDER_UNSPECIFIED"
              }
            ],
            "networking_mode": "VPC_NATIVE",
            "node_config": [
              {
                "advanced_machine_features": [],
                "boot_disk_kms_key": "",
                "confidential_nodes": [],
                "containerd_config": [],
                "disk_size_gb": 100,
                "disk_type": "pd-balanced",
                "effective_taints": [],
                "enable_confidential_storage": false,
                "ephemeral_storage_local_ssd_config": [],
                "fast_socket": [],
                "gcfs_config": [],
                "guest_accelerator": [],
                "gvnic": [],
                "host_maintenance_policy": [],
                "image_type": "COS_CONTAINERD",
                "kubelet_config": [],
                "labels": {},
                "linux_node_config": [],
                "local_nvme_ssd_block_config": [],
                "local_ssd_count": 0,
                "logging_variant": "DEFAULT",
                "machine_type": "e2-medium",
                "metadata": {
                  "disable-legacy-endpoints": "true"
                },
                "min_cpu_platform": "",
                "node_group": "",
                "oauth_scopes": [
                  "https://www.googleapis.com/auth/cloud-platform"
                ],
                "preemptible": false,
                "reservation_affinity": [],
                "resource_labels": {},
                "resource_manager_tags": {},
                "secondary_boot_disks": [],
                "service_account": "sa-k8-lab@expertis-classroom.iam.gserviceaccount.com",
                "shielded_instance_config": [
                  {
                    "enable_integrity_monitoring": true,
                    "enable_secure_boot": false
                  }
                ],
                "sole_tenant_config": [],
                "spot": false,
                "tags": [],
                "taint": [],
                "workload_metadata_config": []
              }
            ],
            "node_locations": [],
            "node_pool": [
              {
                "autoscaling": [],
                "initial_node_count": 0,
                "instance_group_urls": [
                  "https://www.googleapis.com/compute/v1/projects/expertis-classroom/zones/us-central1-a/instanceGroupManagers/gke-my-gke-cluster-lab-lab-node-pool-d8925d4b-grp"
                ],
                "managed_instance_group_urls": [
                  "https://www.googleapis.com/compute/v1/projects/expertis-classroom/zones/us-central1-a/instanceGroups/gke-my-gke-cluster-lab-lab-node-pool-d8925d4b-grp"
                ],
                "management": [
                  {
                    "auto_repair": true,
                    "auto_upgrade": true
                  }
                ],
                "max_pods_per_node": 50,
                "name": "lab-node-pool",
                "name_prefix": "",
                "network_config": [
                  {
                    "additional_node_network_configs": [],
                    "additional_pod_network_configs": [],
                    "create_pod_range": false,
                    "enable_private_nodes": true,
                    "network_performance_config": [],
                    "pod_cidr_overprovision_config": [],
                    "pod_ipv4_cidr_block": "10.11.0.0/21",
                    "pod_range": "pods-subnet"
                  }
                ],
                "node_config": [
                  {
                    "advanced_machine_features": [],
                    "boot_disk_kms_key": "",
                    "confidential_nodes": [],
                    "containerd_config": [],
                    "disk_size_gb": 100,
                    "disk_type": "pd-balanced",
                    "effective_taints": [],
                    "enable_confidential_storage": false,
                    "ephemeral_storage_local_ssd_config": [],
                    "fast_socket": [],
                    "gcfs_config": [],
                    "guest_accelerator": [],
                    "gvnic": [],
                    "host_maintenance_policy": [],
                    "image_type": "COS_CONTAINERD",
                    "kubelet_config": [],
                    "labels": {},
                    "linux_node_config": [],
                    "local_nvme_ssd_block_config": [],
                    "local_ssd_count": 0,
                    "logging_variant": "DEFAULT",
                    "machine_type": "e2-medium",
                    "metadata": {
                      "disable-legacy-endpoints": "true"
                    },
                    "min_cpu_platform": "",
                    "node_group": "",
                    "oauth_scopes": [
                      "https://www.googleapis.com/auth/cloud-platform"
                    ],
                    "preemptible": false,
                    "reservation_affinity": [],
                    "resource_labels": {},
                    "resource_manager_tags": {},
                    "secondary_boot_disks": [],
                    "service_account": "sa-k8-lab@expertis-classroom.iam.gserviceaccount.com",
                    "shielded_instance_config": [
                      {
                        "enable_integrity_monitoring": true,
                        "enable_secure_boot": false
                      }
                    ],
                    "sole_tenant_config": [],
                    "spot": false,
                    "tags": [],
                    "taint": [],
                    "workload_metadata_config": []
                  }
                ],
                "node_count": 0,
                "node_locations": [
                  "us-central1-a"
                ],
                "placement_policy": [],
                "queued_provisioning": [],
                "upgrade_settings": [
                  {
                    "blue_green_settings": [],
                    "max_surge": 1,
                    "max_unavailable": 0,
                    "strategy": "SURGE"
                  }
                ],
                "version": "1.29.7-gke.1104000"
              }
            ],
            "node_pool_auto_config": [],
            "node_pool_defaults": [
              {
                "node_config_defaults": [
                  {
                    "containerd_config": [],
                    "insecure_kubelet_readonly_port_enabled": "FALSE",
                    "logging_variant": "DEFAULT"
                  }
                ]
              }
            ],
            "node_version": "1.29.7-gke.1104000",
            "notification_config": [
              {
                "pubsub": [
                  {
                    "enabled": false,
                    "filter": [],
                    "topic": ""
                  }
                ]
              }
            ],
            "operation": null,
            "private_cluster_config": [
              {
                "enable_private_endpoint": true,
                "enable_private_nodes": true,
                "master_global_access_config": [
                  {
                    "enabled": true
                  }
                ],
                "master_ipv4_cidr_block": "10.13.0.0/28",
                "peering_name": "",
                "private_endpoint": "10.13.0.2",
                "private_endpoint_subnetwork": "",
                "public_endpoint": "34.30.153.201"
              }
            ],
            "private_ipv6_google_access": "",
            "project": "expertis-classroom",
            "release_channel": [
              {
                "channel": "REGULAR"
              }
            ],
            "remove_default_node_pool": true,
            "resource_labels": {},
            "resource_usage_export_config": [],
            "secret_manager_config": [
              {
                "enabled": false
              }
            ],
            "security_posture_config": [
              {
                "mode": "BASIC",
                "vulnerability_mode": "VULNERABILITY_MODE_UNSPECIFIED"
              }
            ],
            "self_link": "https://container.googleapis.com/v1/projects/expertis-classroom/zones/us-central1-a/clusters/my-gke-cluster-lab",
            "service_external_ips_config": [
              {
                "enabled": false
              }
            ],
            "services_ipv4_cidr": "10.12.0.0/21",
            "subnetwork": "projects/expertis-classroom/regions/us-central1/subnetworks/lab-subnet",
            "terraform_labels": {
              "goog-terraform-provisioned": "true"
            },
            "timeouts": null,
            "tpu_ipv4_cidr_block": "",
            "vertical_pod_autoscaling": [],
            "workload_identity_config": []
          },
          "sensitive_attributes": [
            [
              {
                "type": "get_attr",
                "value": "master_auth"
              },
              {
                "type": "index",
                "value": {
                  "value": 0,
                  "type": "number"
                }
              },
              {
                "type": "get_attr",
                "value": "client_key"
              }
            ]
          ],
          "private": "eyJlMmJmYjczMC1lY2FhLTExZTYtOGY4OC0zNDM2M2JjN2M0YzAiOnsiY3JlYXRlIjoyNDAwMDAwMDAwMDAwLCJkZWxldGUiOjI0MDAwMDAwMDAwMDAsInJlYWQiOjI0MDAwMDAwMDAwMDAsInVwZGF0ZSI6MzYwMDAwMDAwMDAwMH0sInNjaGVtYV92ZXJzaW9uIjoiMiJ9",
          "dependencies": [
            "data.google_compute_network.default",
            "data.google_compute_subnetwork.default",
            "data.google_compute_subnetwork.east_default",
            "google_compute_subnetwork.subnetwork"
          ]
        }
      ]
    },
    {
      "mode": "managed",
      "type": "google_container_node_pool",
      "name": "primary_preemptible_nodes",
      "provider": "provider[\"registry.terraform.io/hashicorp/google\"]",
      "instances": [
        {
          "schema_version": 1,
          "attributes": {
            "autoscaling": [],
            "cluster": "my-gke-cluster-lab",
            "id": "projects/expertis-classroom/locations/us-central1-a/clusters/my-gke-cluster-lab/nodePools/lab-node-pool",
            "initial_node_count": 3,
            "instance_group_urls": [
              "https://www.googleapis.com/compute/v1/projects/expertis-classroom/zones/us-central1-a/instanceGroupManagers/gke-my-gke-cluster-lab-lab-node-pool-d8925d4b-grp"
            ],
            "location": "us-central1-a",
            "managed_instance_group_urls": [
              "https://www.googleapis.com/compute/v1/projects/expertis-classroom/zones/us-central1-a/instanceGroups/gke-my-gke-cluster-lab-lab-node-pool-d8925d4b-grp"
            ],
            "management": [
              {
                "auto_repair": true,
                "auto_upgrade": true
              }
            ],
            "max_pods_per_node": 50,
            "name": "lab-node-pool",
            "name_prefix": "",
            "network_config": [
              {
                "additional_node_network_configs": [],
                "additional_pod_network_configs": [],
                "create_pod_range": false,
                "enable_private_nodes": true,
                "network_performance_config": [],
                "pod_cidr_overprovision_config": [],
                "pod_ipv4_cidr_block": "10.11.0.0/21",
                "pod_range": "pods-subnet"
              }
            ],
            "node_config": [
              {
                "advanced_machine_features": [],
                "boot_disk_kms_key": "",
                "confidential_nodes": [],
                "containerd_config": [],
                "disk_size_gb": 100,
                "disk_type": "pd-balanced",
                "effective_taints": [],
                "enable_confidential_storage": false,
                "ephemeral_storage_local_ssd_config": [],
                "fast_socket": [],
                "gcfs_config": [],
                "guest_accelerator": [],
                "gvnic": [],
                "host_maintenance_policy": [],
                "image_type": "COS_CONTAINERD",
                "kubelet_config": [],
                "labels": {},
                "linux_node_config": [],
                "local_nvme_ssd_block_config": [],
                "local_ssd_count": 0,
                "logging_variant": "DEFAULT",
                "machine_type": "e2-medium",
                "metadata": {
                  "disable-legacy-endpoints": "true"
                },
                "min_cpu_platform": "",
                "node_group": "",
                "oauth_scopes": [
                  "https://www.googleapis.com/auth/cloud-platform"
                ],
                "preemptible": false,
                "reservation_affinity": [],
                "resource_labels": {},
                "resource_manager_tags": {},
                "secondary_boot_disks": [],
                "service_account": "sa-k8-lab@expertis-classroom.iam.gserviceaccount.com",
                "shielded_instance_config": [
                  {
                    "enable_integrity_monitoring": true,
                    "enable_secure_boot": false
                  }
                ],
                "sole_tenant_config": [],
                "spot": false,
                "tags": [],
                "taint": [],
                "workload_metadata_config": []
              }
            ],
            "node_count": 3,
            "node_locations": [
              "us-central1-a"
            ],
            "operation": null,
            "placement_policy": [],
            "project": "expertis-classroom",
            "queued_provisioning": [],
            "timeouts": null,
            "upgrade_settings": [
              {
                "blue_green_settings": [],
                "max_surge": 1,
                "max_unavailable": 0,
                "strategy": "SURGE"
              }
            ],
            "version": "1.29.7-gke.1104000"
          },
          "sensitive_attributes": [],
          "private": "eyJlMmJmYjczMC1lY2FhLTExZTYtOGY4OC0zNDM2M2JjN2M0YzAiOnsiY3JlYXRlIjoxODAwMDAwMDAwMDAwLCJkZWxldGUiOjE4MDAwMDAwMDAwMDAsInVwZGF0ZSI6MTgwMDAwMDAwMDAwMH0sInNjaGVtYV92ZXJzaW9uIjoiMSJ9",
          "dependencies": [
            "data.google_compute_network.default",
            "data.google_compute_subnetwork.default",
            "data.google_compute_subnetwork.east_default",
            "google_compute_subnetwork.subnetwork",
            "google_container_cluster.primary",
            "google_service_account.sa-k8-lab"
          ]
        }
      ]
    },
    {
      "mode": "managed",
      "type": "google_dns_record_set",
      "name": "kubernetes_devops_cl",
      "provider": "provider[\"registry.terraform.io/hashicorp/google\"]",
      "instances": [
        {
          "schema_version": 0,
          "attributes": {
            "id": "projects/expertis-classroom/managedZones/devops-cl/rrsets/*.devops.cl./A",
            "managed_zone": "devops-cl",
            "name": "*.devops.cl.",
            "project": "expertis-classroom",
            "routing_policy": [],
            "rrdatas": [
              "34.132.176.169"
            ],
            "ttl": 300,
            "type": "A"
          },
          "sensitive_attributes": [],
          "private": "bnVsbA==",
          "dependencies": [
            "data.google_dns_managed_zone.devops_cl",
            "google_compute_address.lb-ip-ingress"
          ]
        }
      ]
    },
    {
      "mode": "managed",
      "type": "google_project_iam_member",
      "name": "sa-cert-manager-iam-member",
      "provider": "provider[\"registry.terraform.io/hashicorp/google\"]",
      "instances": [
        {
          "schema_version": 0,
          "attributes": {
            "condition": [],
            "etag": "BwYhvMHR7MM=",
            "id": "expertis-classroom/roles/dns.admin/serviceAccount:sa-cert-manager@expertis-classroom.iam.gserviceaccount.com",
            "member": "serviceAccount:sa-cert-manager@expertis-classroom.iam.gserviceaccount.com",
            "project": "expertis-classroom",
            "role": "roles/dns.admin"
          },
          "sensitive_attributes": [],
          "private": "bnVsbA==",
          "dependencies": [
            "google_service_account.sa-cert-manager"
          ]
        }
      ]
    },
    {
      "mode": "managed",
      "type": "google_project_service",
      "name": "enabled_apis",
      "provider": "provider[\"registry.terraform.io/hashicorp/google\"]",
      "instances": [
        {
          "index_key": "cloudresourcemanager.googleapis.com",
          "schema_version": 0,
          "attributes": {
            "disable_dependent_services": null,
            "disable_on_destroy": false,
            "id": "expertis-classroom/cloudresourcemanager.googleapis.com",
            "project": "expertis-classroom",
            "service": "cloudresourcemanager.googleapis.com",
            "timeouts": null
          },
          "sensitive_attributes": [],
          "private": "eyJlMmJmYjczMC1lY2FhLTExZTYtOGY4OC0zNDM2M2JjN2M0YzAiOnsiY3JlYXRlIjoxMjAwMDAwMDAwMDAwLCJkZWxldGUiOjEyMDAwMDAwMDAwMDAsInJlYWQiOjYwMDAwMDAwMDAwMCwidXBkYXRlIjoxMjAwMDAwMDAwMDAwfX0="
        },
        {
          "index_key": "compute.googleapis.com",
          "schema_version": 0,
          "attributes": {
            "disable_dependent_services": null,
            "disable_on_destroy": false,
            "id": "expertis-classroom/compute.googleapis.com",
            "project": "expertis-classroom",
            "service": "compute.googleapis.com",
            "timeouts": null
          },
          "sensitive_attributes": [],
          "private": "eyJlMmJmYjczMC1lY2FhLTExZTYtOGY4OC0zNDM2M2JjN2M0YzAiOnsiY3JlYXRlIjoxMjAwMDAwMDAwMDAwLCJkZWxldGUiOjEyMDAwMDAwMDAwMDAsInJlYWQiOjYwMDAwMDAwMDAwMCwidXBkYXRlIjoxMjAwMDAwMDAwMDAwfX0="
        },
        {
          "index_key": "container.googleapis.com",
          "schema_version": 0,
          "attributes": {
            "disable_dependent_services": null,
            "disable_on_destroy": false,
            "id": "expertis-classroom/container.googleapis.com",
            "project": "expertis-classroom",
            "service": "container.googleapis.com",
            "timeouts": null
          },
          "sensitive_attributes": [],
          "private": "eyJlMmJmYjczMC1lY2FhLTExZTYtOGY4OC0zNDM2M2JjN2M0YzAiOnsiY3JlYXRlIjoxMjAwMDAwMDAwMDAwLCJkZWxldGUiOjEyMDAwMDAwMDAwMDAsInJlYWQiOjYwMDAwMDAwMDAwMCwidXBkYXRlIjoxMjAwMDAwMDAwMDAwfX0="
        },
        {
          "index_key": "gkehub.googleapis.com",
          "schema_version": 0,
          "attributes": {
            "disable_dependent_services": null,
            "disable_on_destroy": false,
            "id": "expertis-classroom/gkehub.googleapis.com",
            "project": "expertis-classroom",
            "service": "gkehub.googleapis.com",
            "timeouts": null
          },
          "sensitive_attributes": [],
          "private": "eyJlMmJmYjczMC1lY2FhLTExZTYtOGY4OC0zNDM2M2JjN2M0YzAiOnsiY3JlYXRlIjoxMjAwMDAwMDAwMDAwLCJkZWxldGUiOjEyMDAwMDAwMDAwMDAsInJlYWQiOjYwMDAwMDAwMDAwMCwidXBkYXRlIjoxMjAwMDAwMDAwMDAwfX0="
        },
        {
          "index_key": "servicenetworking.googleapis.com",
          "schema_version": 0,
          "attributes": {
            "disable_dependent_services": null,
            "disable_on_destroy": false,
            "id": "expertis-classroom/servicenetworking.googleapis.com",
            "project": "expertis-classroom",
            "service": "servicenetworking.googleapis.com",
            "timeouts": null
          },
          "sensitive_attributes": [],
          "private": "eyJlMmJmYjczMC1lY2FhLTExZTYtOGY4OC0zNDM2M2JjN2M0YzAiOnsiY3JlYXRlIjoxMjAwMDAwMDAwMDAwLCJkZWxldGUiOjEyMDAwMDAwMDAwMDAsInJlYWQiOjYwMDAwMDAwMDAwMCwidXBkYXRlIjoxMjAwMDAwMDAwMDAwfX0="
        },
        {
          "index_key": "serviceusage.googleapis.com",
          "schema_version": 0,
          "attributes": {
            "disable_dependent_services": null,
            "disable_on_destroy": false,
            "id": "expertis-classroom/serviceusage.googleapis.com",
            "project": "expertis-classroom",
            "service": "serviceusage.googleapis.com",
            "timeouts": null
          },
          "sensitive_attributes": [],
          "private": "eyJlMmJmYjczMC1lY2FhLTExZTYtOGY4OC0zNDM2M2JjN2M0YzAiOnsiY3JlYXRlIjoxMjAwMDAwMDAwMDAwLCJkZWxldGUiOjEyMDAwMDAwMDAwMDAsInJlYWQiOjYwMDAwMDAwMDAwMCwidXBkYXRlIjoxMjAwMDAwMDAwMDAwfX0="
        }
      ]
    },
    {
      "mode": "managed",
      "type": "google_service_account",
      "name": "sa-cert-manager",
      "provider": "provider[\"registry.terraform.io/hashicorp/google\"]",
      "instances": [
        {
          "schema_version": 0,
          "attributes": {
            "account_id": "sa-cert-manager",
            "create_ignore_already_exists": true,
            "description": "",
            "disabled": false,
            "display_name": "Service Account certmanager Kubernetes lab",
            "email": "sa-cert-manager@expertis-classroom.iam.gserviceaccount.com",
            "id": "projects/expertis-classroom/serviceAccounts/sa-cert-manager@expertis-classroom.iam.gserviceaccount.com",
            "member": "serviceAccount:sa-cert-manager@expertis-classroom.iam.gserviceaccount.com",
            "name": "projects/expertis-classroom/serviceAccounts/sa-cert-manager@expertis-classroom.iam.gserviceaccount.com",
            "project": "expertis-classroom",
            "timeouts": null,
            "unique_id": "105142386751037891981"
          },
          "sensitive_attributes": [],
          "private": "eyJlMmJmYjczMC1lY2FhLTExZTYtOGY4OC0zNDM2M2JjN2M0YzAiOnsiY3JlYXRlIjozMDAwMDAwMDAwMDB9fQ=="
        }
      ]
    },
    {
      "mode": "managed",
      "type": "google_service_account",
      "name": "sa-k8-lab",
      "provider": "provider[\"registry.terraform.io/hashicorp/google\"]",
      "instances": [
        {
          "schema_version": 0,
          "attributes": {
            "account_id": "sa-k8-lab",
            "create_ignore_already_exists": null,
            "description": "",
            "disabled": false,
            "display_name": "Service Account Kubernetes lab",
            "email": "sa-k8-lab@expertis-classroom.iam.gserviceaccount.com",
            "id": "projects/expertis-classroom/serviceAccounts/sa-k8-lab@expertis-classroom.iam.gserviceaccount.com",
            "member": "serviceAccount:sa-k8-lab@expertis-classroom.iam.gserviceaccount.com",
            "name": "projects/expertis-classroom/serviceAccounts/sa-k8-lab@expertis-classroom.iam.gserviceaccount.com",
            "project": "expertis-classroom",
            "timeouts": null,
            "unique_id": "117737223759756896467"
          },
          "sensitive_attributes": [],
          "private": "eyJlMmJmYjczMC1lY2FhLTExZTYtOGY4OC0zNDM2M2JjN2M0YzAiOnsiY3JlYXRlIjozMDAwMDAwMDAwMDB9fQ=="
        }
      ]
    },
    {
      "mode": "managed",
      "type": "google_service_account_key",
      "name": "key",
      "provider": "provider[\"registry.terraform.io/hashicorp/google\"]",
      "instances": [
        {
          "schema_version": 0,
          "attributes": {
            "id": "projects/expertis-classroom/serviceAccounts/sa-cert-manager@expertis-classroom.iam.gserviceaccount.com/keys/e2187780a3385e04b36d273c200aea77a6cc584f",
            "keepers": null,
            "key_algorithm": "KEY_ALG_RSA_2048",
            "name": "projects/expertis-classroom/serviceAccounts/sa-cert-manager@expertis-classroom.iam.gserviceaccount.com/keys/e2187780a3385e04b36d273c200aea77a6cc584f",
            "private_key": "ewogICJ0eXBlIjogInNlcnZpY2VfYWNjb3VudCIsCiAgInByb2plY3RfaWQiOiAiZXhwZXJ0aXMtY2xhc3Nyb29tIiwKICAicHJpdmF0ZV9rZXlfaWQiOiAiZTIxODc3ODBhMzM4NWUwNGIzNmQyNzNjMjAwYWVhNzdhNmNjNTg0ZiIsCiAgInByaXZhdGVfa2V5IjogIi0tLS0tQkVHSU4gUFJJVkFURSBLRVktLS0tLVxuTUlJRXZBSUJBREFOQmdrcWhraUc5dzBCQVFFRkFBU0NCS1l3Z2dTaUFnRUFBb0lCQVFEYWVLZlkvZ0llekMyUVxuaW0vdHlBM1B4WnhxeTZDNnJzWGJoMnduRVVpTXV1MzErZk9Ia3hwS25RRTF3M3VKSWVLdUhmVnc1K2l6Q2lKZFxuWHlWaTJ2a2trUmZwcnp5cEw5cEh3VnBFQjRWWCtiQWhCayttV05LNnRQNmNMenBNVXIweFF2OGgxTDVNZmk2UlxuTWdKTlQ4UitVZ0ZmVEcwMUV6MXNwTE1JdHpURDVWTzJ1K1JUSjF0SGx4WFh5L3NxZm92REFaYkFzaEtFYkpCTVxubE94cEtpNzB1S0RSWlBMZHFJSUxMY3pPYlRUNE82VHpYWlczZTU1am5aZGpPRktlbmNJSllDZHp1T3dJVTJVd1xualY2NzR3SWFGWU1qMnlJaFBHTHlWcTJqTFJSbVN6MHBDYnBwNU1hQk1OSGw1cUViS2xqUm1HNDh6OFRhdmRxQlxuc21kZkRkcnRBZ01CQUFFQ2dnRUFEejBIOEszUGlzT3NxL0R2ZHZ4Y3ZSNkRzcGI5QmRQZWlyVHZYZW55NndWdVxua0dKTzVOK2NWbHVOVDBUSCtIZCtHait5Mk1IZzJnNzlyK3dEclg0b0laMHNYSGJoaklNNEI5RmxoK3FDRjkrL1xuL1F5UkpQaEU4TjBaZFpUOWNlMk1WN3JLRlJJNnF2Si9uN3UrSzhwNG9tUFdXZk92aDhoRWFqQXljckNKMW5CTFxuWjY0NFBUeTU4WWRCY3NCaVVVYzFxWWlvVVF2RGhyK3F5NytlYzA3akl2UksrQkZSakVIUkZZWGVqVGF4THdPS1xuQ3U5RE1DZjMyb29XKzRTV1haVWRzb25vT0pXLytyQkhhVlJKTWFlZ0hZODltNHpaKzBoOHVjbWI1TmszZU12M1xuUXlnQXY1VndXcHdPSmdaMjVOQWZOamNjbjhFb1JRaEk4RWEwamdTN2F3S0JnUUQyT1hkb3VLVkxBZ21XYkpIT1xuWVdNWHowUjgvQmM5MXhibHpWdVhlQkJ6dW1RUTBuazBJSmhBeGUzVUhzd1diUERpMjdVK0IrWFdEamNJeUtnMFxudlBRYmlKc1dSV2dQbEtDL296dHVNdk1TamlzMktBcHpLVGlaUmphU3NZOVY0dkxMNnFVUEtyR2lyVWdIMVloUVxuRVdiZ0lNVFdIR1YzN2xXR3VUT1ZPVDEyK3dLQmdRRGpKUjNNS1dlWnB1RE5qZHF3eTNBVmtPaDdxa2w5ckJ5YVxuMWtMRDNma0RUdUFQc3BUSldjMXJ0Sm9LR3pGWkN4YnJxdmFobmk3N0x2MXZWUTlPSWwza0pDZlZURzVQbU1ieFxuS1Zrc3RINVByMGZzZXBWWjFWR2tsMXVSNDBUeU11Q1B1ZStwS1hQSFNlbDFlYmdTdzREZDc4UnlUL1VzYzRudlxuT2gvcDlkWHhOd0tCZ0dqcVFhUWdrV1h0bjFJMlBzYVducGVsbklRNUVsb3FUVHBzRDJ2eUgraC84bVZzbVhLSlxudFBaY29DTXpZRGpxQUpaWmtkZTFtOHhpMERadzhhTlBKQ0NiUzZIb3Z4ZHNlRFpRQW1ISldlTjlLcEp2NjB2NFxuczRJejljcjUxNTU4RG9Ldkg5ZmZsRU5CM0tCaDd5eFd6ZVFRY203ZE9Lc3FwY3k3RzJ5cE1EU0RBb0dBU2ZyUFxudnF3Sm13aTRGUnJMakdObUNSQWVPQkRaU0w0aXZ1ZGo3V2xCYml0bFhKZDhVQ3dZZEtqb3RydnVrYUxELzFPNlxuYWg4Y0RDRmMxOExyYmpaUlFEbnFZMVUyWkdSTS8wVEpUMzhsMkl3dEw3OHBINDRUdmppeDBVMGxLb0VabEpZcFxua1gzM3dJTzVMdExLK2dtRTBrUUNSbnoyVEZrQkp0SldqSnZONTNjQ2dZQUF1bW1TN3k2bmwra1dsblJXbTJ0alxuNUdCMjNJL2p5SHJXbkpLR3FGbzJZdURYSnVWWUpIRzA0RllvQWdrU2RsZEp0SW43MzZjalJpQTEyVWxEOGVrZ1xuK0tJZkthN0c1WU96WU5oK3M5Wm1DTlFCcDRnb3dPTytWV2pKdE9wMUgzM3NCa3RiYzYzQWoxUit5eCt6SHd5V1xuU004enU5c21kVXNTQS9NdDRQYjY3dz09XG4tLS0tLUVORCBQUklWQVRFIEtFWS0tLS0tXG4iLAogICJjbGllbnRfZW1haWwiOiAic2EtY2VydC1tYW5hZ2VyQGV4cGVydGlzLWNsYXNzcm9vbS5pYW0uZ3NlcnZpY2VhY2NvdW50LmNvbSIsCiAgImNsaWVudF9pZCI6ICIxMDUxNDIzODY3NTEwMzc4OTE5ODEiLAogICJhdXRoX3VyaSI6ICJodHRwczovL2FjY291bnRzLmdvb2dsZS5jb20vby9vYXV0aDIvYXV0aCIsCiAgInRva2VuX3VyaSI6ICJodHRwczovL29hdXRoMi5nb29nbGVhcGlzLmNvbS90b2tlbiIsCiAgImF1dGhfcHJvdmlkZXJfeDUwOV9jZXJ0X3VybCI6ICJodHRwczovL3d3dy5nb29nbGVhcGlzLmNvbS9vYXV0aDIvdjEvY2VydHMiLAogICJjbGllbnRfeDUwOV9jZXJ0X3VybCI6ICJodHRwczovL3d3dy5nb29nbGVhcGlzLmNvbS9yb2JvdC92MS9tZXRhZGF0YS94NTA5L3NhLWNlcnQtbWFuYWdlciU0MGV4cGVydGlzLWNsYXNzcm9vbS5pYW0uZ3NlcnZpY2VhY2NvdW50LmNvbSIsCiAgInVuaXZlcnNlX2RvbWFpbiI6ICJnb29nbGVhcGlzLmNvbSIKfQo=",
            "private_key_type": "TYPE_GOOGLE_CREDENTIALS_FILE",
            "public_key": "LS0tLS1CRUdJTiBDRVJUSUZJQ0FURS0tLS0tCk1JSUMvRENDQWVTZ0F3SUJBZ0lJVG8xT2JUU1FXcU13RFFZSktvWklodmNOQVFFRkJRQXdJREVlTUJ3R0ExVUUKQXd3Vk1UQTFNVFF5TXpnMk56VXhNRE0zT0RreE9UZ3hNQ0FYRFRJME1Ea3hNREF6TkRRME9Gb1lEems1T1RreApNak14TWpNMU9UVTVXakFnTVI0d0hBWURWUVFEREJVeE1EVXhOREl6T0RZM05URXdNemM0T1RFNU9ERXdnZ0VpCk1BMEdDU3FHU0liM0RRRUJBUVVBQTRJQkR3QXdnZ0VLQW9JQkFRRGFlS2ZZL2dJZXpDMlFpbS90eUEzUHhaeHEKeTZDNnJzWGJoMnduRVVpTXV1MzErZk9Ia3hwS25RRTF3M3VKSWVLdUhmVnc1K2l6Q2lKZFh5Vmkydmtra1JmcApyenlwTDlwSHdWcEVCNFZYK2JBaEJrK21XTks2dFA2Y0x6cE1VcjB4UXY4aDFMNU1maTZSTWdKTlQ4UitVZ0ZmClRHMDFFejFzcExNSXR6VEQ1Vk8ydStSVEoxdEhseFhYeS9zcWZvdkRBWmJBc2hLRWJKQk1sT3hwS2k3MHVLRFIKWlBMZHFJSUxMY3pPYlRUNE82VHpYWlczZTU1am5aZGpPRktlbmNJSllDZHp1T3dJVTJVd2pWNjc0d0lhRllNagoyeUloUEdMeVZxMmpMUlJtU3owcENicHA1TWFCTU5IbDVxRWJLbGpSbUc0OHo4VGF2ZHFCc21kZkRkcnRBZ01CCkFBR2pPREEyTUF3R0ExVWRFd0VCL3dRQ01BQXdEZ1lEVlIwUEFRSC9CQVFEQWdlQU1CWUdBMVVkSlFFQi93UU0KTUFvR0NDc0dBUVVGQndNQ01BMEdDU3FHU0liM0RRRUJCUVVBQTRJQkFRRExlcU9aYm1DeE5RdDVQeHpocFNYNwp0Q3ZrcXp5Z0R5N3R4ZDMvV2lveVFkMEpFZGhZN3lwazdwWkc5OUNVbVFrOVkzMC9PS0t0S1ZjeGhSNHdRYWdZCmYzMDd4K1E5TXBucC9EUElVU2FzdGZYYndOOXA3MitJWi9FU2l0WExPTkVwZzVwUkxsajhBL0oyRERXR1JrcngKMDhHRitTOVYyOEtZazNnT3Yxalc0bnNjOGdvSHBtR3FpbG9GT0lhM1FYTmt4YlNHdFJ4aVlISCtNODZDaGVJNwpoYnJ1c1BtNnNVQVFmakJpTUd1Vk9WQ1ZoYzg4c1BPL1B5TFFNb0JFNWUzREtGMkp5TWRNZENMRHVCRkwrTXJNCmg5MHE1enhqbU4xSTNwNGFCcnIwOS9HeFBuNXF3bUdLcFVKd2swTm5XdHM3bzJMaGxwNEJRK2tjVXNtTnVhWGwKLS0tLS1FTkQgQ0VSVElGSUNBVEUtLS0tLQo=",
            "public_key_data": null,
            "public_key_type": "TYPE_X509_PEM_FILE",
            "service_account_id": "projects/expertis-classroom/serviceAccounts/sa-cert-manager@expertis-classroom.iam.gserviceaccount.com",
            "valid_after": "2024-09-10T03:44:48Z",
            "valid_before": "9999-12-31T23:59:59Z"
          },
          "sensitive_attributes": [
            [
              {
                "type": "get_attr",
                "value": "private_key"
              }
            ]
          ],
          "private": "bnVsbA==",
          "dependencies": [
            "google_service_account.sa-cert-manager"
          ]
        }
      ]
    },
    {
      "mode": "managed",
      "type": "local_file",
      "name": "service_account",
      "provider": "provider[\"registry.terraform.io/hashicorp/local\"]",
      "instances": [
        {
          "schema_version": 0,
          "attributes": {
            "content": "{\n  \"type\": \"service_account\",\n  \"project_id\": \"expertis-classroom\",\n  \"private_key_id\": \"e2187780a3385e04b36d273c200aea77a6cc584f\",\n  \"private_key\": \"-----BEGIN PRIVATE KEY-----\\nMIIEvAIBADANBgkqhkiG9w0BAQEFAASCBKYwggSiAgEAAoIBAQDaeKfY/gIezC2Q\\nim/tyA3PxZxqy6C6rsXbh2wnEUiMuu31+fOHkxpKnQE1w3uJIeKuHfVw5+izCiJd\\nXyVi2vkkkRfprzypL9pHwVpEB4VX+bAhBk+mWNK6tP6cLzpMUr0xQv8h1L5Mfi6R\\nMgJNT8R+UgFfTG01Ez1spLMItzTD5VO2u+RTJ1tHlxXXy/sqfovDAZbAshKEbJBM\\nlOxpKi70uKDRZPLdqIILLczObTT4O6TzXZW3e55jnZdjOFKencIJYCdzuOwIU2Uw\\njV674wIaFYMj2yIhPGLyVq2jLRRmSz0pCbpp5MaBMNHl5qEbKljRmG48z8TavdqB\\nsmdfDdrtAgMBAAECggEADz0H8K3PisOsq/DvdvxcvR6Dspb9BdPeirTvXeny6wVu\\nkGJO5N+cVluNT0TH+Hd+Gj+y2MHg2g79r+wDrX4oIZ0sXHbhjIM4B9Flh+qCF9+/\\n/QyRJPhE8N0ZdZT9ce2MV7rKFRI6qvJ/n7u+K8p4omPWWfOvh8hEajAycrCJ1nBL\\nZ644PTy58YdBcsBiUUc1qYioUQvDhr+qy7+ec07jIvRK+BFRjEHRFYXejTaxLwOK\\nCu9DMCf32ooW+4SWXZUdsonoOJW/+rBHaVRJMaegHY89m4zZ+0h8ucmb5Nk3eMv3\\nQygAv5VwWpwOJgZ25NAfNjccn8EoRQhI8Ea0jgS7awKBgQD2OXdouKVLAgmWbJHO\\nYWMXz0R8/Bc91xblzVuXeBBzumQQ0nk0IJhAxe3UHswWbPDi27U+B+XWDjcIyKg0\\nvPQbiJsWRWgPlKC/oztuMvMSjis2KApzKTiZRjaSsY9V4vLL6qUPKrGirUgH1YhQ\\nEWbgIMTWHGV37lWGuTOVOT12+wKBgQDjJR3MKWeZpuDNjdqwy3AVkOh7qkl9rBya\\n1kLD3fkDTuAPspTJWc1rtJoKGzFZCxbrqvahni77Lv1vVQ9OIl3kJCfVTG5PmMbx\\nKVkstH5Pr0fsepVZ1VGkl1uR40TyMuCPue+pKXPHSel1ebgSw4Dd78RyT/Usc4nv\\nOh/p9dXxNwKBgGjqQaQgkWXtn1I2PsaWnpelnIQ5EloqTTpsD2vyH+h/8mVsmXKJ\\ntPZcoCMzYDjqAJZZkde1m8xi0DZw8aNPJCCbS6HovxdseDZQAmHJWeN9KpJv60v4\\ns4Iz9cr51558DoKvH9fflENB3KBh7yxWzeQQcm7dOKsqpcy7G2ypMDSDAoGASfrP\\nvqwJmwi4FRrLjGNmCRAeOBDZSL4ivudj7WlBbitlXJd8UCwYdKjotrvukaLD/1O6\\nah8cDCFc18LrbjZRQDnqY1U2ZGRM/0TJT38l2IwtL78pH44Tvjix0U0lKoEZlJYp\\nkX33wIO5LtLK+gmE0kQCRnz2TFkBJtJWjJvN53cCgYAAummS7y6nl+kWlnRWm2tj\\n5GB23I/jyHrWnJKGqFo2YuDXJuVYJHG04FYoAgkSdldJtIn736cjRiA12UlD8ekg\\n+KIfKa7G5YOzYNh+s9ZmCNQBp4gowOO+VWjJtOp1H33sBktbc63Aj1R+yx+zHwyW\\nSM8zu9smdUsSA/Mt4Pb67w==\\n-----END PRIVATE KEY-----\\n\",\n  \"client_email\": \"sa-cert-manager@expertis-classroom.iam.gserviceaccount.com\",\n  \"client_id\": \"105142386751037891981\",\n  \"auth_uri\": \"https://accounts.google.com/o/oauth2/auth\",\n  \"token_uri\": \"https://oauth2.googleapis.com/token\",\n  \"auth_provider_x509_cert_url\": \"https://www.googleapis.com/oauth2/v1/certs\",\n  \"client_x509_cert_url\": \"https://www.googleapis.com/robot/v1/metadata/x509/sa-cert-manager%40expertis-classroom.iam.gserviceaccount.com\",\n  \"universe_domain\": \"googleapis.com\"\n}\n",
            "content_base64": null,
            "content_base64sha256": "+dN0LvQZgg9l6vDvGbWE84g1v2IRQusF9ip64iL8NGI=",
            "content_base64sha512": "ZpvKSUtoOLiGLy0dO/FTEMdiK9XR8/it6dOICFUThUAmupw7PeOunmd+Va1Eelu8bGOxq0dbzMtxWWsDgj8NgA==",
            "content_md5": "a8533623ba8fed936409a7b90787db7e",
            "content_sha1": "2eafae6108668f5eccd966011cbeb7e2b2e77dba",
            "content_sha256": "f9d3742ef419820f65eaf0ef19b584f38835bf621142eb05f62a7ae222fc3462",
            "content_sha512": "669bca494b6838b8862f2d1d3bf15310c7622bd5d1f3f8ade9d388085513854026ba9c3b3de3ae9e677e55ad447a5bbc6c63b1ab475bcccb71596b03823f0d80",
            "directory_permission": "0777",
            "file_permission": "0777",
            "filename": "./sa-cert-manager.json",
            "id": "2eafae6108668f5eccd966011cbeb7e2b2e77dba",
            "sensitive_content": null,
            "source": null
          },
          "sensitive_attributes": [
            [
              {
                "type": "get_attr",
                "value": "sensitive_content"
              }
            ],
            [
              {
                "type": "get_attr",
                "value": "content"
              }
            ]
          ],
          "dependencies": [
            "google_service_account.sa-cert-manager",
            "google_service_account_key.key"
          ]
        }
      ]
    },
    {
      "mode": "managed",
      "type": "null_resource",
      "name": "prep",
      "provider": "provider[\"registry.terraform.io/hashicorp/null\"]",
      "instances": [
        {
          "schema_version": 0,
          "attributes": {
            "id": "9112694587359944054",
            "triggers": null
          },
          "sensitive_attributes": [],
          "dependencies": [
            "google_project_service.enabled_apis"
          ]
        }
      ]
    },
    {
      "mode": "managed",
      "type": "null_resource",
      "name": "wait_for_ip",
      "provider": "provider[\"registry.terraform.io/hashicorp/null\"]",
      "instances": [
        {
          "schema_version": 0,
          "attributes": {
            "id": "5248040488713769833",
            "triggers": null
          },
          "sensitive_attributes": [],
          "dependencies": [
            "google_compute_address.global_ip",
            "google_compute_address.lb-ip-ingress"
          ]
        }
      ]
    }
  ],
  "check_results": null
}
