{
  "version": 4,
  "terraform_version": "1.9.5",
  "serial": 26,
  "lineage": "13498559-92de-365b-78fc-758423be88cc",
  "outputs": {
    "ip": {
      "value": "35.233.184.153",
      "type": "string"
    }
  },
  "resources": [
    {
      "mode": "data",
      "type": "google_dns_managed_zone",
      "name": "devops_cl",
      "provider": "provider[\"registry.terraform.io/hashicorp/google\"]",
      "instances": [
        {
          "schema_version": 0,
          "attributes": {
            "description": "devops.cl Public DNS zone",
            "dns_name": "devops.cl.",
            "id": "projects/expertis-classroom/managedZones/devops-cl",
            "managed_zone_id": 6300936903632240905,
            "name": "devops-cl",
            "name_servers": [
              "ns-cloud-a1.googledomains.com.",
              "ns-cloud-a2.googledomains.com.",
              "ns-cloud-a3.googledomains.com.",
              "ns-cloud-a4.googledomains.com."
            ],
            "project": "expertis-classroom",
            "visibility": "public"
          },
          "sensitive_attributes": []
        }
      ]
    },
    {
      "mode": "managed",
      "type": "google_compute_address",
      "name": "ip-global-jenkins",
      "provider": "provider[\"registry.terraform.io/hashicorp/google\"]",
      "instances": [
        {
          "schema_version": 0,
          "attributes": {
            "address": "35.233.184.153",
            "address_type": "EXTERNAL",
            "creation_timestamp": "2024-09-11T09:22:25.660-07:00",
            "description": "",
            "effective_labels": {
              "goog-terraform-provisioned": "true"
            },
            "id": "projects/expertis-classroom/regions/us-west1/addresses/ip-global-jenkins",
            "ip_version": "",
            "ipv6_endpoint_type": "",
            "label_fingerprint": "vezUS-42LLM=",
            "labels": {},
            "name": "ip-global-jenkins",
            "network": "",
            "network_tier": "PREMIUM",
            "prefix_length": 0,
            "project": "expertis-classroom",
            "purpose": "",
            "region": "us-west1",
            "self_link": "https://www.googleapis.com/compute/v1/projects/expertis-classroom/regions/us-west1/addresses/ip-global-jenkins",
            "subnetwork": "",
            "terraform_labels": {
              "goog-terraform-provisioned": "true"
            },
            "timeouts": null,
            "users": [
              "https://www.googleapis.com/compute/v1/projects/expertis-classroom/zones/us-west1-a/instances/jenkins"
            ]
          },
          "sensitive_attributes": [],
          "private": "eyJlMmJmYjczMC1lY2FhLTExZTYtOGY4OC0zNDM2M2JjN2M0YzAiOnsiY3JlYXRlIjoxMjAwMDAwMDAwMDAwLCJkZWxldGUiOjEyMDAwMDAwMDAwMDAsInVwZGF0ZSI6MTIwMDAwMDAwMDAwMH19"
        }
      ]
    },
    {
      "mode": "managed",
      "type": "google_compute_firewall",
      "name": "jenkins-server",
      "provider": "provider[\"registry.terraform.io/hashicorp/google\"]",
      "instances": [
        {
          "schema_version": 1,
          "attributes": {
            "allow": [
              {
                "ports": [
                  "80",
                  "443"
                ],
                "protocol": "tcp"
              }
            ],
            "creation_timestamp": "2024-09-11T10:40:44.067-07:00",
            "deny": [],
            "description": "",
            "destination_ranges": [],
            "direction": "INGRESS",
            "disabled": false,
            "enable_logging": null,
            "id": "projects/expertis-classroom/global/firewalls/default-allow-http-jenkins-terraform",
            "log_config": [],
            "name": "default-allow-http-jenkins-terraform",
            "network": "https://www.googleapis.com/compute/v1/projects/expertis-classroom/global/networks/default",
            "priority": 1000,
            "project": "expertis-classroom",
            "self_link": "https://www.googleapis.com/compute/v1/projects/expertis-classroom/global/firewalls/default-allow-http-jenkins-terraform",
            "source_ranges": [
              "0.0.0.0/0"
            ],
            "source_service_accounts": null,
            "source_tags": null,
            "target_service_accounts": null,
            "target_tags": [
              "jenkins"
            ],
            "timeouts": null
          },
          "sensitive_attributes": [],
          "private": "eyJlMmJmYjczMC1lY2FhLTExZTYtOGY4OC0zNDM2M2JjN2M0YzAiOnsiY3JlYXRlIjoxMjAwMDAwMDAwMDAwLCJkZWxldGUiOjEyMDAwMDAwMDAwMDAsInVwZGF0ZSI6MTIwMDAwMDAwMDAwMH0sInNjaGVtYV92ZXJzaW9uIjoiMSJ9"
        }
      ]
    },
    {
      "mode": "managed",
      "type": "google_compute_instance",
      "name": "default",
      "provider": "provider[\"registry.terraform.io/hashicorp/google\"]",
      "instances": [
        {
          "schema_version": 6,
          "attributes": {
            "advanced_machine_features": [],
            "allow_stopping_for_update": null,
            "attached_disk": [],
            "boot_disk": [
              {
                "auto_delete": true,
                "device_name": "persistent-disk-0",
                "disk_encryption_key_raw": "",
                "disk_encryption_key_sha256": "",
                "initialize_params": [
                  {
                    "enable_confidential_compute": false,
                    "image": "https://www.googleapis.com/compute/v1/projects/ubuntu-os-cloud/global/images/ubuntu-minimal-2204-jammy-v20240829",
                    "labels": {},
                    "provisioned_iops": 0,
                    "provisioned_throughput": 0,
                    "resource_manager_tags": {},
                    "size": 10,
                    "storage_pool": "",
                    "type": "pd-standard"
                  }
                ],
                "interface": "",
                "kms_key_self_link": "",
                "mode": "READ_WRITE",
                "source": "https://www.googleapis.com/compute/v1/projects/expertis-classroom/zones/us-west1-a/disks/jenkins"
              }
            ],
            "can_ip_forward": false,
            "confidential_instance_config": [],
            "cpu_platform": "Intel Broadwell",
            "current_status": "RUNNING",
            "deletion_protection": false,
            "description": "",
            "desired_status": null,
            "effective_labels": {
              "goog-terraform-provisioned": "true"
            },
            "enable_display": false,
            "guest_accelerator": [],
            "hostname": "",
            "id": "projects/expertis-classroom/zones/us-west1-a/instances/jenkins",
            "instance_id": "4020928444074033931",
            "label_fingerprint": "vezUS-42LLM=",
            "labels": {},
            "machine_type": "n1-standard-4",
            "metadata": {},
            "metadata_fingerprint": "PeNsLrohF8E=",
            "metadata_startup_script": "#sources for gcloud y docker\ncurl https://packages.cloud.google.com/apt/doc/apt-key.gpg | sudo gpg --dearmor -o /usr/share/keyrings/cloud.google.gpg\necho \"deb [signed-by=/usr/share/keyrings/cloud.google.gpg] https://packages.cloud.google.com/apt cloud-sdk main\" | sudo tee -a /etc/apt/sources.list.d/google-cloud-sdk.list\nsudo install -m 0755 -d /etc/apt/keyrings\nsudo curl -fsSL https://download.docker.com/linux/ubuntu/gpg -o /etc/apt/keyrings/docker.asc\nsudo chmod a+r /etc/apt/keyrings/docker.asc\n# Add the repository to Apt sources:\necho \\\n  \"deb [arch=$(dpkg --print-architecture) signed-by=/etc/apt/keyrings/docker.asc] https://download.docker.com/linux/ubuntu \\\n  $(. /etc/os-release \u0026\u0026 echo \"$VERSION_CODENAME\") stable\" | \\\n  sudo tee /etc/apt/sources.list.d/docker.list \u003e /dev/null\n#jenkins\nsudo wget -O /usr/share/keyrings/jenkins-keyring.asc \\\n    https://pkg.jenkins.io/debian-stable/jenkins.io-2023.key\necho \"deb [signed-by=/usr/share/keyrings/jenkins-keyring.asc]\" \\\n  https://pkg.jenkins.io/debian-stable binary/ | sudo tee \\\n  /etc/apt/sources.list.d/jenkins.list \u003e /dev/null\n## apt install \nsudo apt update \nsudo apt upgrade -y\nsudo apt install -y docker-ce docker-ce-cli containerd.io docker-buildx-plugin docker-compose-plugin iputils-ping iputils-ping telnet apt-transport-https ca-certificates gnupg curl google-cloud-cli kubectl google-cloud-sdk-gke-gcloud-auth-plugin ca-certificates curl bash-completion vim fontconfig openjdk-17-jre jenkins\n#configuracion host\nsudo useradd -m -s /bin/bash jenkins\nsudo usermod -aG sudo,docker jenkins\necho \"jenkins:jenmdev01.2024\" | sudo chpasswd;\nsudo echo 'PasswordAuthentication yes' \u003e\u003e /etc/ssh/sshd_config\nsudo rm /etc/ssh/sshd_config.d/60-cloudimg-settings.conf\nsudo systemctl restart sshd",
            "min_cpu_platform": "",
            "name": "jenkins",
            "network_interface": [
              {
                "access_config": [
                  {
                    "nat_ip": "35.233.184.153",
                    "network_tier": "PREMIUM",
                    "public_ptr_domain_name": ""
                  }
                ],
                "alias_ip_range": [],
                "internal_ipv6_prefix_length": 0,
                "ipv6_access_config": [],
                "ipv6_access_type": "",
                "ipv6_address": "",
                "name": "nic0",
                "network": "https://www.googleapis.com/compute/v1/projects/expertis-classroom/global/networks/default",
                "network_ip": "10.138.0.2",
                "nic_type": "",
                "queue_count": 0,
                "stack_type": "IPV4_ONLY",
                "subnetwork": "https://www.googleapis.com/compute/v1/projects/expertis-classroom/regions/us-west1/subnetworks/default",
                "subnetwork_project": "expertis-classroom"
              }
            ],
            "network_performance_config": [],
            "params": [],
            "project": "expertis-classroom",
            "reservation_affinity": [],
            "resource_policies": [],
            "scheduling": [
              {
                "automatic_restart": true,
                "instance_termination_action": "",
                "local_ssd_recovery_timeout": [],
                "max_run_duration": [],
                "min_node_cpus": 0,
                "node_affinities": [],
                "on_host_maintenance": "MIGRATE",
                "on_instance_stop_action": [],
                "preemptible": false,
                "provisioning_model": "STANDARD"
              }
            ],
            "scratch_disk": [],
            "self_link": "https://www.googleapis.com/compute/v1/projects/expertis-classroom/zones/us-west1-a/instances/jenkins",
            "service_account": [],
            "shielded_instance_config": [
              {
                "enable_integrity_monitoring": true,
                "enable_secure_boot": false,
                "enable_vtpm": true
              }
            ],
            "tags": [
              "jenkins"
            ],
            "tags_fingerprint": "4l7--0t2PzY=",
            "terraform_labels": {
              "goog-terraform-provisioned": "true"
            },
            "timeouts": null,
            "zone": "us-west1-a"
          },
          "sensitive_attributes": [
            [
              {
                "type": "get_attr",
                "value": "boot_disk"
              },
              {
                "type": "index",
                "value": {
                  "value": 0,
                  "type": "number"
                }
              },
              {
                "type": "get_attr",
                "value": "disk_encryption_key_raw"
              }
            ]
          ],
          "private": "eyJlMmJmYjczMC1lY2FhLTExZTYtOGY4OC0zNDM2M2JjN2M0YzAiOnsiY3JlYXRlIjoxMjAwMDAwMDAwMDAwLCJkZWxldGUiOjEyMDAwMDAwMDAwMDAsInVwZGF0ZSI6MTIwMDAwMDAwMDAwMH0sInNjaGVtYV92ZXJzaW9uIjoiNiJ9",
          "dependencies": [
            "google_compute_address.ip-global-jenkins"
          ]
        }
      ]
    },
    {
      "mode": "managed",
      "type": "google_dns_record_set",
      "name": "kubernetes_devops_cl",
      "provider": "provider[\"registry.terraform.io/hashicorp/google\"]",
      "instances": [
        {
          "schema_version": 0,
          "attributes": {
            "id": "projects/expertis-classroom/managedZones/devops-cl/rrsets/jenkins.devops.cl./A",
            "managed_zone": "devops-cl",
            "name": "jenkins.devops.cl.",
            "project": "expertis-classroom",
            "routing_policy": [],
            "rrdatas": [
              "35.233.184.153"
            ],
            "ttl": 300,
            "type": "A"
          },
          "sensitive_attributes": [],
          "private": "bnVsbA==",
          "dependencies": [
            "data.google_dns_managed_zone.devops_cl",
            "google_compute_address.ip-global-jenkins",
            "null_resource.wait_for_ip"
          ]
        }
      ]
    },
    {
      "mode": "managed",
      "type": "null_resource",
      "name": "wait_for_ip",
      "provider": "provider[\"registry.terraform.io/hashicorp/null\"]",
      "instances": [
        {
          "schema_version": 0,
          "attributes": {
            "id": "1282772322030651360",
            "triggers": null
          },
          "sensitive_attributes": [],
          "dependencies": [
            "google_compute_address.ip-global-jenkins"
          ]
        }
      ]
    }
  ],
  "check_results": null
}
